// !$*UTF8*$!
{
	archiveVersion = 1;
	classes = {
	};
	objectVersion = 50;
	objects = {

/* Begin PBXBuildFile section */
		1505C5CA239AA4860025D64E /* FavoritesCoordinator.swift in Sources */ = {isa = PBXBuildFile; fileRef = 1505C5C9239AA4860025D64E /* FavoritesCoordinator.swift */; };
		1505C5CE239AA4F40025D64E /* FavoritesViewModel.swift in Sources */ = {isa = PBXBuildFile; fileRef = 1505C5CD239AA4F40025D64E /* FavoritesViewModel.swift */; };
		1505C5D5239AB2750025D64E /* ConfigCoordinator.swift in Sources */ = {isa = PBXBuildFile; fileRef = 1505C5D4239AB2750025D64E /* ConfigCoordinator.swift */; };
		1505C5D7239AB29B0025D64E /* ConfigViewModel.swift in Sources */ = {isa = PBXBuildFile; fileRef = 1505C5D6239AB29B0025D64E /* ConfigViewModel.swift */; };
		1505C5DA239AB2DB0025D64E /* ConfigViewController.swift in Sources */ = {isa = PBXBuildFile; fileRef = 1505C5D8239AB2DB0025D64E /* ConfigViewController.swift */; };
		1505C5DB239AB2DB0025D64E /* ConfigViewController.xib in Resources */ = {isa = PBXBuildFile; fileRef = 1505C5D9239AB2DB0025D64E /* ConfigViewController.xib */; };
		1505C5DE239AB2FC0025D64E /* FavoritesViewController.swift in Sources */ = {isa = PBXBuildFile; fileRef = 1505C5DC239AB2FC0025D64E /* FavoritesViewController.swift */; };
		1505C5DF239AB2FC0025D64E /* FavoritesViewController.xib in Resources */ = {isa = PBXBuildFile; fileRef = 1505C5DD239AB2FC0025D64E /* FavoritesViewController.xib */; };
		15069CA823E52652007B8EED /* MovieCell.swift in Sources */ = {isa = PBXBuildFile; fileRef = 15F5F79D23A0912900909C2F /* MovieCell.swift */; };
		152821A6239EAB590063302E /* IMConfig.swift in Sources */ = {isa = PBXBuildFile; fileRef = 152821A5239EAB590063302E /* IMConfig.swift */; };
		152821A8239EAC0B0063302E /* Reachability.swift in Sources */ = {isa = PBXBuildFile; fileRef = 152821A7239EAC0B0063302E /* Reachability.swift */; };
		152821AA239EAC5A0063302E /* Dictionary+Utils.swift in Sources */ = {isa = PBXBuildFile; fileRef = 152821A9239EAC5A0063302E /* Dictionary+Utils.swift */; };
		152821B5239EB0A00063302E /* HomeAPI.swift in Sources */ = {isa = PBXBuildFile; fileRef = 152821B4239EB0A00063302E /* HomeAPI.swift */; };
		152821B7239EB0A70063302E /* HomeService.swift in Sources */ = {isa = PBXBuildFile; fileRef = 152821B6239EB0A70063302E /* HomeService.swift */; };
		152821B9239EB8D50063302E /* Fetcher.swift in Sources */ = {isa = PBXBuildFile; fileRef = 152821B8239EB8D50063302E /* Fetcher.swift */; };
		152821BC239EBF920063302E /* Movie.swift in Sources */ = {isa = PBXBuildFile; fileRef = 152821BB239EBF920063302E /* Movie.swift */; };
		152821BE239ECB390063302E /* IMError.swift in Sources */ = {isa = PBXBuildFile; fileRef = 152821BD239ECB390063302E /* IMError.swift */; };
		152821C0239ED44D0063302E /* BaseService.swift in Sources */ = {isa = PBXBuildFile; fileRef = 152821BF239ED44D0063302E /* BaseService.swift */; };
		1569A16623AC73B4007AECA6 /* NVActivityIndicatorAnimationBallRotate.swift in Sources */ = {isa = PBXBuildFile; fileRef = 1569A13F23AC73B4007AECA6 /* NVActivityIndicatorAnimationBallRotate.swift */; };
		1569A16723AC73B4007AECA6 /* NVActivityIndicatorAnimationBallGridPulse.swift in Sources */ = {isa = PBXBuildFile; fileRef = 1569A14023AC73B4007AECA6 /* NVActivityIndicatorAnimationBallGridPulse.swift */; };
		1569A16823AC73B4007AECA6 /* NVActivityIndicatorAnimationDelegate.swift in Sources */ = {isa = PBXBuildFile; fileRef = 1569A14123AC73B4007AECA6 /* NVActivityIndicatorAnimationDelegate.swift */; };
		1569A16923AC73B4007AECA6 /* NVActivityIndicatorAnimationBallClipRotate.swift in Sources */ = {isa = PBXBuildFile; fileRef = 1569A14223AC73B4007AECA6 /* NVActivityIndicatorAnimationBallClipRotate.swift */; };
		1569A16A23AC73B4007AECA6 /* NVActivityIndicatorAnimationBallClipRotateMultiple.swift in Sources */ = {isa = PBXBuildFile; fileRef = 1569A14323AC73B4007AECA6 /* NVActivityIndicatorAnimationBallClipRotateMultiple.swift */; };
		1569A16B23AC73B4007AECA6 /* NVActivityIndicatorAnimationBallTrianglePath.swift in Sources */ = {isa = PBXBuildFile; fileRef = 1569A14423AC73B4007AECA6 /* NVActivityIndicatorAnimationBallTrianglePath.swift */; };
		1569A16C23AC73B4007AECA6 /* NVActivityIndicatorAnimationLineScalePulseOut.swift in Sources */ = {isa = PBXBuildFile; fileRef = 1569A14523AC73B4007AECA6 /* NVActivityIndicatorAnimationLineScalePulseOut.swift */; };
		1569A16D23AC73B4007AECA6 /* NVActivityIndicatorAnimationLineSpinFadeLoader.swift in Sources */ = {isa = PBXBuildFile; fileRef = 1569A14623AC73B4007AECA6 /* NVActivityIndicatorAnimationLineSpinFadeLoader.swift */; };
		1569A16E23AC73B4007AECA6 /* NVActivityIndicatorAnimationBallClipWithoutScaleRotate.swift in Sources */ = {isa = PBXBuildFile; fileRef = 1569A14723AC73B4007AECA6 /* NVActivityIndicatorAnimationBallClipWithoutScaleRotate.swift */; };
		1569A16F23AC73B4007AECA6 /* NVActivityIndicatorAnimationBallZigZagDeflect.swift in Sources */ = {isa = PBXBuildFile; fileRef = 1569A14823AC73B4007AECA6 /* NVActivityIndicatorAnimationBallZigZagDeflect.swift */; };
		1569A17023AC73B4007AECA6 /* NVActivityIndicatorAnimationBallScale.swift in Sources */ = {isa = PBXBuildFile; fileRef = 1569A14923AC73B4007AECA6 /* NVActivityIndicatorAnimationBallScale.swift */; };
		1569A17123AC73B4007AECA6 /* NVActivityIndicatorAnimationBallZigZag.swift in Sources */ = {isa = PBXBuildFile; fileRef = 1569A14A23AC73B4007AECA6 /* NVActivityIndicatorAnimationBallZigZag.swift */; };
		1569A17223AC73B4007AECA6 /* NVActivityIndicatorAnimationBallBeat.swift in Sources */ = {isa = PBXBuildFile; fileRef = 1569A14B23AC73B4007AECA6 /* NVActivityIndicatorAnimationBallBeat.swift */; };
		1569A17323AC73B4007AECA6 /* NVActivityIndicatorAnimationSemiCircleSpin.swift in Sources */ = {isa = PBXBuildFile; fileRef = 1569A14C23AC73B4007AECA6 /* NVActivityIndicatorAnimationSemiCircleSpin.swift */; };
		1569A17423AC73B4007AECA6 /* NVActivityIndicatorPresenter.swift in Sources */ = {isa = PBXBuildFile; fileRef = 1569A14E23AC73B4007AECA6 /* NVActivityIndicatorPresenter.swift */; };
		1569A17523AC73B4007AECA6 /* NVActivityIndicatorViewable.swift in Sources */ = {isa = PBXBuildFile; fileRef = 1569A14F23AC73B4007AECA6 /* NVActivityIndicatorViewable.swift */; };
		1569A17623AC73B4007AECA6 /* NVActivityIndicatorAnimationBallScaleRipple.swift in Sources */ = {isa = PBXBuildFile; fileRef = 1569A15023AC73B4007AECA6 /* NVActivityIndicatorAnimationBallScaleRipple.swift */; };
		1569A17723AC73B4007AECA6 /* NVActivityIndicatorAnimationBallClipRotatePulse.swift in Sources */ = {isa = PBXBuildFile; fileRef = 1569A15123AC73B4007AECA6 /* NVActivityIndicatorAnimationBallClipRotatePulse.swift */; };
		1569A17823AC73B4007AECA6 /* NVActivityIndicatorAnimationSquareSpin.swift in Sources */ = {isa = PBXBuildFile; fileRef = 1569A15223AC73B4007AECA6 /* NVActivityIndicatorAnimationSquareSpin.swift */; };
		1569A17923AC73B4007AECA6 /* NVActivityIndicatorShape.swift in Sources */ = {isa = PBXBuildFile; fileRef = 1569A15323AC73B4007AECA6 /* NVActivityIndicatorShape.swift */; };
		1569A17A23AC73B4007AECA6 /* NVActivityIndicatorAnimationBallRotateChase.swift in Sources */ = {isa = PBXBuildFile; fileRef = 1569A15423AC73B4007AECA6 /* NVActivityIndicatorAnimationBallRotateChase.swift */; };
		1569A17B23AC73B4007AECA6 /* NVActivityIndicatorAnimationBallPulse.swift in Sources */ = {isa = PBXBuildFile; fileRef = 1569A15523AC73B4007AECA6 /* NVActivityIndicatorAnimationBallPulse.swift */; };
		1569A17C23AC73B4007AECA6 /* NVActivityIndicatorAnimationBlank.swift in Sources */ = {isa = PBXBuildFile; fileRef = 1569A15623AC73B4007AECA6 /* NVActivityIndicatorAnimationBlank.swift */; };
		1569A17D23AC73B4007AECA6 /* NVActivityIndicatorAnimationAudioEqualizer.swift in Sources */ = {isa = PBXBuildFile; fileRef = 1569A15723AC73B4007AECA6 /* NVActivityIndicatorAnimationAudioEqualizer.swift */; };
		1569A17E23AC73B4007AECA6 /* NVActivityIndicatorAnimationTriangleSkewSpin.swift in Sources */ = {isa = PBXBuildFile; fileRef = 1569A15823AC73B4007AECA6 /* NVActivityIndicatorAnimationTriangleSkewSpin.swift */; };
		1569A17F23AC73B4007AECA6 /* NVActivityIndicatorView.swift in Sources */ = {isa = PBXBuildFile; fileRef = 1569A15923AC73B4007AECA6 /* NVActivityIndicatorView.swift */; };
		1569A18023AC73B4007AECA6 /* NVActivityIndicatorAnimationBallGridBeat.swift in Sources */ = {isa = PBXBuildFile; fileRef = 1569A15A23AC73B4007AECA6 /* NVActivityIndicatorAnimationBallGridBeat.swift */; };
		1569A18123AC73B4007AECA6 /* NVActivityIndicatorAnimationBallScaleMultiple.swift in Sources */ = {isa = PBXBuildFile; fileRef = 1569A15B23AC73B4007AECA6 /* NVActivityIndicatorAnimationBallScaleMultiple.swift */; };
		1569A18223AC73B4007AECA6 /* NVActivityIndicatorAnimationLineScale.swift in Sources */ = {isa = PBXBuildFile; fileRef = 1569A15C23AC73B4007AECA6 /* NVActivityIndicatorAnimationLineScale.swift */; };
		1569A18323AC73B4007AECA6 /* NVActivityIndicatorAnimationBallScaleRippleMultiple.swift in Sources */ = {isa = PBXBuildFile; fileRef = 1569A15D23AC73B4007AECA6 /* NVActivityIndicatorAnimationBallScaleRippleMultiple.swift */; };
		1569A18423AC73B4007AECA6 /* NVActivityIndicatorAnimationPacman.swift in Sources */ = {isa = PBXBuildFile; fileRef = 1569A15E23AC73B4007AECA6 /* NVActivityIndicatorAnimationPacman.swift */; };
		1569A18523AC73B4007AECA6 /* NVActivityIndicatorAnimationBallPulseSync.swift in Sources */ = {isa = PBXBuildFile; fileRef = 1569A15F23AC73B4007AECA6 /* NVActivityIndicatorAnimationBallPulseSync.swift */; };
		1569A18623AC73B4007AECA6 /* NVActivityIndicatorAnimationCubeTransition.swift in Sources */ = {isa = PBXBuildFile; fileRef = 1569A16023AC73B4007AECA6 /* NVActivityIndicatorAnimationCubeTransition.swift */; };
		1569A18723AC73B4007AECA6 /* NVActivityIndicatorAnimationBallSpinFadeLoader.swift in Sources */ = {isa = PBXBuildFile; fileRef = 1569A16123AC73B4007AECA6 /* NVActivityIndicatorAnimationBallSpinFadeLoader.swift */; };
		1569A18823AC73B4007AECA6 /* NVActivityIndicatorAnimationLineScaleParty.swift in Sources */ = {isa = PBXBuildFile; fileRef = 1569A16223AC73B4007AECA6 /* NVActivityIndicatorAnimationLineScaleParty.swift */; };
		1569A18923AC73B4007AECA6 /* NVActivityIndicatorAnimationLineScalePulseOutRapid.swift in Sources */ = {isa = PBXBuildFile; fileRef = 1569A16323AC73B4007AECA6 /* NVActivityIndicatorAnimationLineScalePulseOutRapid.swift */; };
		1569A18A23AC73B4007AECA6 /* NVActivityIndicatorAnimationBallPulseRise.swift in Sources */ = {isa = PBXBuildFile; fileRef = 1569A16423AC73B4007AECA6 /* NVActivityIndicatorAnimationBallPulseRise.swift */; };
		1569A18B23AC73B4007AECA6 /* NVActivityIndicatorAnimationOrbit.swift in Sources */ = {isa = PBXBuildFile; fileRef = 1569A16523AC73B4007AECA6 /* NVActivityIndicatorAnimationOrbit.swift */; };
		1569A18D23AC7C38007AECA6 /* Device.swift in Sources */ = {isa = PBXBuildFile; fileRef = 1569A18C23AC7C38007AECA6 /* Device.swift */; };
		1569A1A023AC7D07007AECA6 /* PKHUDSystemActivityIndicatorView.swift in Sources */ = {isa = PBXBuildFile; fileRef = 1569A18F23AC7D07007AECA6 /* PKHUDSystemActivityIndicatorView.swift */; };
		1569A1A123AC7D07007AECA6 /* PKHUDAnimation.swift in Sources */ = {isa = PBXBuildFile; fileRef = 1569A19023AC7D07007AECA6 /* PKHUDAnimation.swift */; };
		1569A1A223AC7D07007AECA6 /* PKHUDAnimating.swift in Sources */ = {isa = PBXBuildFile; fileRef = 1569A19123AC7D07007AECA6 /* PKHUDAnimating.swift */; };
		1569A1A323AC7D07007AECA6 /* FrameView.swift in Sources */ = {isa = PBXBuildFile; fileRef = 1569A19223AC7D07007AECA6 /* FrameView.swift */; };
		1569A1A423AC7D07007AECA6 /* PKHUD.swift in Sources */ = {isa = PBXBuildFile; fileRef = 1569A19323AC7D07007AECA6 /* PKHUD.swift */; };
		1569A1A523AC7D07007AECA6 /* PKHUDSuccessView.swift in Sources */ = {isa = PBXBuildFile; fileRef = 1569A19423AC7D07007AECA6 /* PKHUDSuccessView.swift */; };
		1569A1A623AC7D07007AECA6 /* PKHUDAssets.swift in Sources */ = {isa = PBXBuildFile; fileRef = 1569A19523AC7D07007AECA6 /* PKHUDAssets.swift */; };
		1569A1A723AC7D07007AECA6 /* PKHUDWideBaseView.swift in Sources */ = {isa = PBXBuildFile; fileRef = 1569A19623AC7D07007AECA6 /* PKHUDWideBaseView.swift */; };
		1569A1A823AC7D07007AECA6 /* PKHUDTextView.swift in Sources */ = {isa = PBXBuildFile; fileRef = 1569A19723AC7D07007AECA6 /* PKHUDTextView.swift */; };
		1569A1A923AC7D07007AECA6 /* HUD.swift in Sources */ = {isa = PBXBuildFile; fileRef = 1569A19823AC7D07007AECA6 /* HUD.swift */; };
		1569A1AA23AC7D07007AECA6 /* PKHUDRotatingImageView.swift in Sources */ = {isa = PBXBuildFile; fileRef = 1569A19923AC7D07007AECA6 /* PKHUDRotatingImageView.swift */; };
		1569A1AB23AC7D07007AECA6 /* Window.swift in Sources */ = {isa = PBXBuildFile; fileRef = 1569A19A23AC7D07007AECA6 /* Window.swift */; };
		1569A1AC23AC7D07007AECA6 /* WindowRootViewController.swift in Sources */ = {isa = PBXBuildFile; fileRef = 1569A19B23AC7D07007AECA6 /* WindowRootViewController.swift */; };
		1569A1AD23AC7D07007AECA6 /* PKHUDProgressView.swift in Sources */ = {isa = PBXBuildFile; fileRef = 1569A19C23AC7D07007AECA6 /* PKHUDProgressView.swift */; };
		1569A1AF23AC7D07007AECA6 /* PKHUDSquareBaseView.swift in Sources */ = {isa = PBXBuildFile; fileRef = 1569A19E23AC7D07007AECA6 /* PKHUDSquareBaseView.swift */; };
		1569A1B023AC7D07007AECA6 /* PKHUDErrorView.swift in Sources */ = {isa = PBXBuildFile; fileRef = 1569A19F23AC7D07007AECA6 /* PKHUDErrorView.swift */; };
		1571E54823F9DC080002E279 /* SearchViewModel.swift in Sources */ = {isa = PBXBuildFile; fileRef = 1571E54723F9DC080002E279 /* SearchViewModel.swift */; };
		1571E54C23F9DD050002E279 /* SearchCoordinator.swift in Sources */ = {isa = PBXBuildFile; fileRef = 1571E54B23F9DD050002E279 /* SearchCoordinator.swift */; };
		1579C0CB23E5F1A40036A715 /* MovieDetailViewController.swift in Sources */ = {isa = PBXBuildFile; fileRef = 1579C0C923E5F1A40036A715 /* MovieDetailViewController.swift */; };
		1579C0CC23E5F1A40036A715 /* MovieDetailViewController.xib in Resources */ = {isa = PBXBuildFile; fileRef = 1579C0CA23E5F1A40036A715 /* MovieDetailViewController.xib */; };
		159F213623976FF300C5626F /* Keyboard.swift in Sources */ = {isa = PBXBuildFile; fileRef = 159F213523976FF300C5626F /* Keyboard.swift */; };
		15BC4FD72397497400C0291F /* AppDelegate.swift in Sources */ = {isa = PBXBuildFile; fileRef = 15BC4FD62397497400C0291F /* AppDelegate.swift */; };
		15BC4FE12397497400C0291F /* iMovie.xcdatamodeld in Sources */ = {isa = PBXBuildFile; fileRef = 15BC4FDF2397497400C0291F /* iMovie.xcdatamodeld */; };
		15BC4FE62397497500C0291F /* LaunchScreen.storyboard in Resources */ = {isa = PBXBuildFile; fileRef = 15BC4FE42397497500C0291F /* LaunchScreen.storyboard */; };
		15BC4FF12397497500C0291F /* iMovieTests.swift in Sources */ = {isa = PBXBuildFile; fileRef = 15BC4FF02397497500C0291F /* iMovieTests.swift */; };
		15BC5005239761C800C0291F /* IQKeyboardManagerSwift.framework in Frameworks */ = {isa = PBXBuildFile; fileRef = 15BC4FFD239761C800C0291F /* IQKeyboardManagerSwift.framework */; };
		15BC5006239761C800C0291F /* IQKeyboardManagerSwift.framework in Embed Frameworks */ = {isa = PBXBuildFile; fileRef = 15BC4FFD239761C800C0291F /* IQKeyboardManagerSwift.framework */; settings = {ATTRIBUTES = (CodeSignOnCopy, RemoveHeadersOnCopy, ); }; };
		15BC5009239761C800C0291F /* Kingfisher.framework in Frameworks */ = {isa = PBXBuildFile; fileRef = 15BC4FFF239761C800C0291F /* Kingfisher.framework */; };
		15BC500A239761C800C0291F /* Kingfisher.framework in Embed Frameworks */ = {isa = PBXBuildFile; fileRef = 15BC4FFF239761C800C0291F /* Kingfisher.framework */; settings = {ATTRIBUTES = (CodeSignOnCopy, RemoveHeadersOnCopy, ); }; };
		15BC500B239761C800C0291F /* OHHTTPStubs.framework in Frameworks */ = {isa = PBXBuildFile; fileRef = 15BC5000239761C800C0291F /* OHHTTPStubs.framework */; };
		15BC500C239761C800C0291F /* OHHTTPStubs.framework in Embed Frameworks */ = {isa = PBXBuildFile; fileRef = 15BC5000239761C800C0291F /* OHHTTPStubs.framework */; settings = {ATTRIBUTES = (CodeSignOnCopy, RemoveHeadersOnCopy, ); }; };
		15BC500D239761C800C0291F /* Lottie.framework in Frameworks */ = {isa = PBXBuildFile; fileRef = 15BC5001239761C800C0291F /* Lottie.framework */; };
		15BC500E239761C800C0291F /* Lottie.framework in Embed Frameworks */ = {isa = PBXBuildFile; fileRef = 15BC5001239761C800C0291F /* Lottie.framework */; settings = {ATTRIBUTES = (CodeSignOnCopy, RemoveHeadersOnCopy, ); }; };
		15BC5011239761C800C0291F /* IQKeyboardManager.framework in Frameworks */ = {isa = PBXBuildFile; fileRef = 15BC5003239761C800C0291F /* IQKeyboardManager.framework */; };
		15BC5012239761C800C0291F /* IQKeyboardManager.framework in Embed Frameworks */ = {isa = PBXBuildFile; fileRef = 15BC5003239761C800C0291F /* IQKeyboardManager.framework */; settings = {ATTRIBUTES = (CodeSignOnCopy, RemoveHeadersOnCopy, ); }; };
		15BC501B239763F600C0291F /* UIColor+Utils.swift in Sources */ = {isa = PBXBuildFile; fileRef = 15BC501A239763F600C0291F /* UIColor+Utils.swift */; };
		15BC501D2397660400C0291F /* UICollectionView+Utils.swift in Sources */ = {isa = PBXBuildFile; fileRef = 15BC501C2397660400C0291F /* UICollectionView+Utils.swift */; };
		15BC501F2397664400C0291F /* UITableView+Utils.swift in Sources */ = {isa = PBXBuildFile; fileRef = 15BC501E2397664400C0291F /* UITableView+Utils.swift */; };
		15BC50212397669400C0291F /* UIApplication+Utils.swift in Sources */ = {isa = PBXBuildFile; fileRef = 15BC50202397669400C0291F /* UIApplication+Utils.swift */; };
		15BC5023239766B600C0291F /* URL+Utils.swift in Sources */ = {isa = PBXBuildFile; fileRef = 15BC5022239766B600C0291F /* URL+Utils.swift */; };
		15BC50252397674900C0291F /* Bundle+Utils.swift in Sources */ = {isa = PBXBuildFile; fileRef = 15BC50242397674900C0291F /* Bundle+Utils.swift */; };
		15BC50272397677A00C0291F /* UIView+Utils.swift in Sources */ = {isa = PBXBuildFile; fileRef = 15BC50262397677A00C0291F /* UIView+Utils.swift */; };
		15BC5029239767B100C0291F /* UINavigationController+Utils.swift in Sources */ = {isa = PBXBuildFile; fileRef = 15BC5028239767B100C0291F /* UINavigationController+Utils.swift */; };
		15BC502B239767DB00C0291F /* Date+Utils.swift in Sources */ = {isa = PBXBuildFile; fileRef = 15BC502A239767DB00C0291F /* Date+Utils.swift */; };
		15BC502D2397683400C0291F /* IMCodable.swift in Sources */ = {isa = PBXBuildFile; fileRef = 15BC502C2397683400C0291F /* IMCodable.swift */; };
		15BC502F2397688F00C0291F /* UITabBarController+Utils.swift in Sources */ = {isa = PBXBuildFile; fileRef = 15BC502E2397688F00C0291F /* UITabBarController+Utils.swift */; };
		15BC503323976A6A00C0291F /* String+Utils.swift in Sources */ = {isa = PBXBuildFile; fileRef = 15BC503223976A6A00C0291F /* String+Utils.swift */; };
		15BC503623976CD200C0291F /* AlertManager.swift in Sources */ = {isa = PBXBuildFile; fileRef = 15BC503523976CD200C0291F /* AlertManager.swift */; };
		15BC503923976D3400C0291F /* SkeletonView.framework in Frameworks */ = {isa = PBXBuildFile; fileRef = 15BC503723976D3400C0291F /* SkeletonView.framework */; };
		15BC503A23976D3400C0291F /* SkeletonView.framework in Embed Frameworks */ = {isa = PBXBuildFile; fileRef = 15BC503723976D3400C0291F /* SkeletonView.framework */; settings = {ATTRIBUTES = (CodeSignOnCopy, RemoveHeadersOnCopy, ); }; };
		15BC503B23976D3400C0291F /* SwiftMessages.framework in Frameworks */ = {isa = PBXBuildFile; fileRef = 15BC503823976D3400C0291F /* SwiftMessages.framework */; };
		15BC503C23976D3400C0291F /* SwiftMessages.framework in Embed Frameworks */ = {isa = PBXBuildFile; fileRef = 15BC503823976D3400C0291F /* SwiftMessages.framework */; settings = {ATTRIBUTES = (CodeSignOnCopy, RemoveHeadersOnCopy, ); }; };
		15BF99892399E8C00005EB27 /* BaseCoordinator.swift in Sources */ = {isa = PBXBuildFile; fileRef = 15BF99882399E8C00005EB27 /* BaseCoordinator.swift */; };
		15BF998C2399E97D0005EB27 /* IMNavigationController.swift in Sources */ = {isa = PBXBuildFile; fileRef = 15BF998B2399E97D0005EB27 /* IMNavigationController.swift */; };
		15BF998E2399EA270005EB27 /* UIBarButtonItem+Utils.swift in Sources */ = {isa = PBXBuildFile; fileRef = 15BF998D2399EA270005EB27 /* UIBarButtonItem+Utils.swift */; };
		15BF99902399EA820005EB27 /* AppCoordinator.swift in Sources */ = {isa = PBXBuildFile; fileRef = 15BF998F2399EA820005EB27 /* AppCoordinator.swift */; };
		15BF99922399EC3D0005EB27 /* IMTabBarController.swift in Sources */ = {isa = PBXBuildFile; fileRef = 15BF99912399EC3D0005EB27 /* IMTabBarController.swift */; };
		15BF999B2399F18D0005EB27 /* TabBarController.swift in Sources */ = {isa = PBXBuildFile; fileRef = 15BF99992399F18D0005EB27 /* TabBarController.swift */; };
		15BF999C2399F18D0005EB27 /* TabBarController.xib in Resources */ = {isa = PBXBuildFile; fileRef = 15BF999A2399F18D0005EB27 /* TabBarController.xib */; };
		15BF999E2399F3720005EB27 /* TabBarCoordinator.swift in Sources */ = {isa = PBXBuildFile; fileRef = 15BF999D2399F3720005EB27 /* TabBarCoordinator.swift */; };
		15BF99A12399F47F0005EB27 /* HomeCoordinator.swift in Sources */ = {isa = PBXBuildFile; fileRef = 15BF99A02399F47F0005EB27 /* HomeCoordinator.swift */; };
		15BF99A52399F4F50005EB27 /* HomeViewController.swift in Sources */ = {isa = PBXBuildFile; fileRef = 15BF99A32399F4F50005EB27 /* HomeViewController.swift */; };
		15BF99A62399F4F50005EB27 /* HomeViewController.xib in Resources */ = {isa = PBXBuildFile; fileRef = 15BF99A42399F4F50005EB27 /* HomeViewController.xib */; };
		15BF99A92399F88C0005EB27 /* HomeViewModel.swift in Sources */ = {isa = PBXBuildFile; fileRef = 15BF99A82399F88C0005EB27 /* HomeViewModel.swift */; };
		15BF99AB2399F90C0005EB27 /* BaseViewController.swift in Sources */ = {isa = PBXBuildFile; fileRef = 15BF99AA2399F90C0005EB27 /* BaseViewController.swift */; };
		15BF99AD2399F9960005EB27 /* UIViewController+Utils.swift in Sources */ = {isa = PBXBuildFile; fileRef = 15BF99AC2399F9960005EB27 /* UIViewController+Utils.swift */; };
		15BF99AF2399FDA40005EB27 /* Assets.xcassets in Resources */ = {isa = PBXBuildFile; fileRef = 15BF99AE2399FDA40005EB27 /* Assets.xcassets */; };
		15D0075723FA48F70066C087 /* SectionHeader.swift in Sources */ = {isa = PBXBuildFile; fileRef = 15D0075523FA48F70066C087 /* SectionHeader.swift */; };
		15D0075823FA48F70066C087 /* SectionHeader.xib in Resources */ = {isa = PBXBuildFile; fileRef = 15D0075623FA48F70066C087 /* SectionHeader.xib */; };
		15E820F223F9EE04007AE417 /* SearchViewController.swift in Sources */ = {isa = PBXBuildFile; fileRef = 15E820F023F9EE04007AE417 /* SearchViewController.swift */; };
		15E820F323F9EE04007AE417 /* SearchViewController.xib in Resources */ = {isa = PBXBuildFile; fileRef = 15E820F123F9EE04007AE417 /* SearchViewController.xib */; };
		15F5F79B23A0883C00909C2F /* CarouselMovieCell.swift in Sources */ = {isa = PBXBuildFile; fileRef = 15F5F79923A0883C00909C2F /* CarouselMovieCell.swift */; };
		15F5F79C23A0883C00909C2F /* CarouselMovieCell.xib in Resources */ = {isa = PBXBuildFile; fileRef = 15F5F79A23A0883C00909C2F /* CarouselMovieCell.xib */; };
		15F5F7A023A0912900909C2F /* MovieCell.xib in Resources */ = {isa = PBXBuildFile; fileRef = 15F5F79E23A0912900909C2F /* MovieCell.xib */; };
/* End PBXBuildFile section */

/* Begin PBXContainerItemProxy section */
		15BC4FED2397497500C0291F /* PBXContainerItemProxy */ = {
			isa = PBXContainerItemProxy;
			containerPortal = 15BC4FCB2397497400C0291F /* Project object */;
			proxyType = 1;
			remoteGlobalIDString = 15BC4FD22397497400C0291F;
			remoteInfo = iMovie;
		};
/* End PBXContainerItemProxy section */

/* Begin PBXCopyFilesBuildPhase section */
		15BC5015239761C800C0291F /* Embed Frameworks */ = {
			isa = PBXCopyFilesBuildPhase;
			buildActionMask = 2147483647;
			dstPath = "";
			dstSubfolderSpec = 10;
			files = (
				15BC5006239761C800C0291F /* IQKeyboardManagerSwift.framework in Embed Frameworks */,
				15BC503A23976D3400C0291F /* SkeletonView.framework in Embed Frameworks */,
				15BC500E239761C800C0291F /* Lottie.framework in Embed Frameworks */,
				15BC500C239761C800C0291F /* OHHTTPStubs.framework in Embed Frameworks */,
				15BC503C23976D3400C0291F /* SwiftMessages.framework in Embed Frameworks */,
				15BC500A239761C800C0291F /* Kingfisher.framework in Embed Frameworks */,
				15BC5012239761C800C0291F /* IQKeyboardManager.framework in Embed Frameworks */,
			);
			name = "Embed Frameworks";
			runOnlyForDeploymentPostprocessing = 0;
		};
/* End PBXCopyFilesBuildPhase section */

/* Begin PBXFileReference section */
		1505C5C9239AA4860025D64E /* FavoritesCoordinator.swift */ = {isa = PBXFileReference; lastKnownFileType = sourcecode.swift; path = FavoritesCoordinator.swift; sourceTree = "<group>"; };
		1505C5CD239AA4F40025D64E /* FavoritesViewModel.swift */ = {isa = PBXFileReference; lastKnownFileType = sourcecode.swift; path = FavoritesViewModel.swift; sourceTree = "<group>"; };
		1505C5D4239AB2750025D64E /* ConfigCoordinator.swift */ = {isa = PBXFileReference; lastKnownFileType = sourcecode.swift; path = ConfigCoordinator.swift; sourceTree = "<group>"; };
		1505C5D6239AB29B0025D64E /* ConfigViewModel.swift */ = {isa = PBXFileReference; lastKnownFileType = sourcecode.swift; path = ConfigViewModel.swift; sourceTree = "<group>"; };
		1505C5D8239AB2DB0025D64E /* ConfigViewController.swift */ = {isa = PBXFileReference; lastKnownFileType = sourcecode.swift; path = ConfigViewController.swift; sourceTree = "<group>"; };
		1505C5D9239AB2DB0025D64E /* ConfigViewController.xib */ = {isa = PBXFileReference; lastKnownFileType = file.xib; path = ConfigViewController.xib; sourceTree = "<group>"; };
		1505C5DC239AB2FC0025D64E /* FavoritesViewController.swift */ = {isa = PBXFileReference; lastKnownFileType = sourcecode.swift; path = FavoritesViewController.swift; sourceTree = "<group>"; };
		1505C5DD239AB2FC0025D64E /* FavoritesViewController.xib */ = {isa = PBXFileReference; lastKnownFileType = file.xib; path = FavoritesViewController.xib; sourceTree = "<group>"; };
		152821A5239EAB590063302E /* IMConfig.swift */ = {isa = PBXFileReference; lastKnownFileType = sourcecode.swift; path = IMConfig.swift; sourceTree = "<group>"; };
		152821A7239EAC0B0063302E /* Reachability.swift */ = {isa = PBXFileReference; lastKnownFileType = sourcecode.swift; path = Reachability.swift; sourceTree = "<group>"; };
		152821A9239EAC5A0063302E /* Dictionary+Utils.swift */ = {isa = PBXFileReference; lastKnownFileType = sourcecode.swift; path = "Dictionary+Utils.swift"; sourceTree = "<group>"; };
		152821B4239EB0A00063302E /* HomeAPI.swift */ = {isa = PBXFileReference; lastKnownFileType = sourcecode.swift; path = HomeAPI.swift; sourceTree = "<group>"; };
		152821B6239EB0A70063302E /* HomeService.swift */ = {isa = PBXFileReference; lastKnownFileType = sourcecode.swift; path = HomeService.swift; sourceTree = "<group>"; };
		152821B8239EB8D50063302E /* Fetcher.swift */ = {isa = PBXFileReference; lastKnownFileType = sourcecode.swift; path = Fetcher.swift; sourceTree = "<group>"; };
		152821BB239EBF920063302E /* Movie.swift */ = {isa = PBXFileReference; lastKnownFileType = sourcecode.swift; path = Movie.swift; sourceTree = "<group>"; };
		152821BD239ECB390063302E /* IMError.swift */ = {isa = PBXFileReference; lastKnownFileType = sourcecode.swift; path = IMError.swift; sourceTree = "<group>"; };
		152821BF239ED44D0063302E /* BaseService.swift */ = {isa = PBXFileReference; lastKnownFileType = sourcecode.swift; path = BaseService.swift; sourceTree = "<group>"; };
		1569A13F23AC73B4007AECA6 /* NVActivityIndicatorAnimationBallRotate.swift */ = {isa = PBXFileReference; fileEncoding = 4; lastKnownFileType = sourcecode.swift; path = NVActivityIndicatorAnimationBallRotate.swift; sourceTree = "<group>"; };
		1569A14023AC73B4007AECA6 /* NVActivityIndicatorAnimationBallGridPulse.swift */ = {isa = PBXFileReference; fileEncoding = 4; lastKnownFileType = sourcecode.swift; path = NVActivityIndicatorAnimationBallGridPulse.swift; sourceTree = "<group>"; };
		1569A14123AC73B4007AECA6 /* NVActivityIndicatorAnimationDelegate.swift */ = {isa = PBXFileReference; fileEncoding = 4; lastKnownFileType = sourcecode.swift; path = NVActivityIndicatorAnimationDelegate.swift; sourceTree = "<group>"; };
		1569A14223AC73B4007AECA6 /* NVActivityIndicatorAnimationBallClipRotate.swift */ = {isa = PBXFileReference; fileEncoding = 4; lastKnownFileType = sourcecode.swift; path = NVActivityIndicatorAnimationBallClipRotate.swift; sourceTree = "<group>"; };
		1569A14323AC73B4007AECA6 /* NVActivityIndicatorAnimationBallClipRotateMultiple.swift */ = {isa = PBXFileReference; fileEncoding = 4; lastKnownFileType = sourcecode.swift; path = NVActivityIndicatorAnimationBallClipRotateMultiple.swift; sourceTree = "<group>"; };
		1569A14423AC73B4007AECA6 /* NVActivityIndicatorAnimationBallTrianglePath.swift */ = {isa = PBXFileReference; fileEncoding = 4; lastKnownFileType = sourcecode.swift; path = NVActivityIndicatorAnimationBallTrianglePath.swift; sourceTree = "<group>"; };
		1569A14523AC73B4007AECA6 /* NVActivityIndicatorAnimationLineScalePulseOut.swift */ = {isa = PBXFileReference; fileEncoding = 4; lastKnownFileType = sourcecode.swift; path = NVActivityIndicatorAnimationLineScalePulseOut.swift; sourceTree = "<group>"; };
		1569A14623AC73B4007AECA6 /* NVActivityIndicatorAnimationLineSpinFadeLoader.swift */ = {isa = PBXFileReference; fileEncoding = 4; lastKnownFileType = sourcecode.swift; path = NVActivityIndicatorAnimationLineSpinFadeLoader.swift; sourceTree = "<group>"; };
		1569A14723AC73B4007AECA6 /* NVActivityIndicatorAnimationBallClipWithoutScaleRotate.swift */ = {isa = PBXFileReference; fileEncoding = 4; lastKnownFileType = sourcecode.swift; path = NVActivityIndicatorAnimationBallClipWithoutScaleRotate.swift; sourceTree = "<group>"; };
		1569A14823AC73B4007AECA6 /* NVActivityIndicatorAnimationBallZigZagDeflect.swift */ = {isa = PBXFileReference; fileEncoding = 4; lastKnownFileType = sourcecode.swift; path = NVActivityIndicatorAnimationBallZigZagDeflect.swift; sourceTree = "<group>"; };
		1569A14923AC73B4007AECA6 /* NVActivityIndicatorAnimationBallScale.swift */ = {isa = PBXFileReference; fileEncoding = 4; lastKnownFileType = sourcecode.swift; path = NVActivityIndicatorAnimationBallScale.swift; sourceTree = "<group>"; };
		1569A14A23AC73B4007AECA6 /* NVActivityIndicatorAnimationBallZigZag.swift */ = {isa = PBXFileReference; fileEncoding = 4; lastKnownFileType = sourcecode.swift; path = NVActivityIndicatorAnimationBallZigZag.swift; sourceTree = "<group>"; };
		1569A14B23AC73B4007AECA6 /* NVActivityIndicatorAnimationBallBeat.swift */ = {isa = PBXFileReference; fileEncoding = 4; lastKnownFileType = sourcecode.swift; path = NVActivityIndicatorAnimationBallBeat.swift; sourceTree = "<group>"; };
		1569A14C23AC73B4007AECA6 /* NVActivityIndicatorAnimationSemiCircleSpin.swift */ = {isa = PBXFileReference; fileEncoding = 4; lastKnownFileType = sourcecode.swift; path = NVActivityIndicatorAnimationSemiCircleSpin.swift; sourceTree = "<group>"; };
		1569A14E23AC73B4007AECA6 /* NVActivityIndicatorPresenter.swift */ = {isa = PBXFileReference; fileEncoding = 4; lastKnownFileType = sourcecode.swift; path = NVActivityIndicatorPresenter.swift; sourceTree = "<group>"; };
		1569A14F23AC73B4007AECA6 /* NVActivityIndicatorViewable.swift */ = {isa = PBXFileReference; fileEncoding = 4; lastKnownFileType = sourcecode.swift; path = NVActivityIndicatorViewable.swift; sourceTree = "<group>"; };
		1569A15023AC73B4007AECA6 /* NVActivityIndicatorAnimationBallScaleRipple.swift */ = {isa = PBXFileReference; fileEncoding = 4; lastKnownFileType = sourcecode.swift; path = NVActivityIndicatorAnimationBallScaleRipple.swift; sourceTree = "<group>"; };
		1569A15123AC73B4007AECA6 /* NVActivityIndicatorAnimationBallClipRotatePulse.swift */ = {isa = PBXFileReference; fileEncoding = 4; lastKnownFileType = sourcecode.swift; path = NVActivityIndicatorAnimationBallClipRotatePulse.swift; sourceTree = "<group>"; };
		1569A15223AC73B4007AECA6 /* NVActivityIndicatorAnimationSquareSpin.swift */ = {isa = PBXFileReference; fileEncoding = 4; lastKnownFileType = sourcecode.swift; path = NVActivityIndicatorAnimationSquareSpin.swift; sourceTree = "<group>"; };
		1569A15323AC73B4007AECA6 /* NVActivityIndicatorShape.swift */ = {isa = PBXFileReference; fileEncoding = 4; lastKnownFileType = sourcecode.swift; path = NVActivityIndicatorShape.swift; sourceTree = "<group>"; };
		1569A15423AC73B4007AECA6 /* NVActivityIndicatorAnimationBallRotateChase.swift */ = {isa = PBXFileReference; fileEncoding = 4; lastKnownFileType = sourcecode.swift; path = NVActivityIndicatorAnimationBallRotateChase.swift; sourceTree = "<group>"; };
		1569A15523AC73B4007AECA6 /* NVActivityIndicatorAnimationBallPulse.swift */ = {isa = PBXFileReference; fileEncoding = 4; lastKnownFileType = sourcecode.swift; path = NVActivityIndicatorAnimationBallPulse.swift; sourceTree = "<group>"; };
		1569A15623AC73B4007AECA6 /* NVActivityIndicatorAnimationBlank.swift */ = {isa = PBXFileReference; fileEncoding = 4; lastKnownFileType = sourcecode.swift; path = NVActivityIndicatorAnimationBlank.swift; sourceTree = "<group>"; };
		1569A15723AC73B4007AECA6 /* NVActivityIndicatorAnimationAudioEqualizer.swift */ = {isa = PBXFileReference; fileEncoding = 4; lastKnownFileType = sourcecode.swift; path = NVActivityIndicatorAnimationAudioEqualizer.swift; sourceTree = "<group>"; };
		1569A15823AC73B4007AECA6 /* NVActivityIndicatorAnimationTriangleSkewSpin.swift */ = {isa = PBXFileReference; fileEncoding = 4; lastKnownFileType = sourcecode.swift; path = NVActivityIndicatorAnimationTriangleSkewSpin.swift; sourceTree = "<group>"; };
		1569A15923AC73B4007AECA6 /* NVActivityIndicatorView.swift */ = {isa = PBXFileReference; fileEncoding = 4; lastKnownFileType = sourcecode.swift; path = NVActivityIndicatorView.swift; sourceTree = "<group>"; };
		1569A15A23AC73B4007AECA6 /* NVActivityIndicatorAnimationBallGridBeat.swift */ = {isa = PBXFileReference; fileEncoding = 4; lastKnownFileType = sourcecode.swift; path = NVActivityIndicatorAnimationBallGridBeat.swift; sourceTree = "<group>"; };
		1569A15B23AC73B4007AECA6 /* NVActivityIndicatorAnimationBallScaleMultiple.swift */ = {isa = PBXFileReference; fileEncoding = 4; lastKnownFileType = sourcecode.swift; path = NVActivityIndicatorAnimationBallScaleMultiple.swift; sourceTree = "<group>"; };
		1569A15C23AC73B4007AECA6 /* NVActivityIndicatorAnimationLineScale.swift */ = {isa = PBXFileReference; fileEncoding = 4; lastKnownFileType = sourcecode.swift; path = NVActivityIndicatorAnimationLineScale.swift; sourceTree = "<group>"; };
		1569A15D23AC73B4007AECA6 /* NVActivityIndicatorAnimationBallScaleRippleMultiple.swift */ = {isa = PBXFileReference; fileEncoding = 4; lastKnownFileType = sourcecode.swift; path = NVActivityIndicatorAnimationBallScaleRippleMultiple.swift; sourceTree = "<group>"; };
		1569A15E23AC73B4007AECA6 /* NVActivityIndicatorAnimationPacman.swift */ = {isa = PBXFileReference; fileEncoding = 4; lastKnownFileType = sourcecode.swift; path = NVActivityIndicatorAnimationPacman.swift; sourceTree = "<group>"; };
		1569A15F23AC73B4007AECA6 /* NVActivityIndicatorAnimationBallPulseSync.swift */ = {isa = PBXFileReference; fileEncoding = 4; lastKnownFileType = sourcecode.swift; path = NVActivityIndicatorAnimationBallPulseSync.swift; sourceTree = "<group>"; };
		1569A16023AC73B4007AECA6 /* NVActivityIndicatorAnimationCubeTransition.swift */ = {isa = PBXFileReference; fileEncoding = 4; lastKnownFileType = sourcecode.swift; path = NVActivityIndicatorAnimationCubeTransition.swift; sourceTree = "<group>"; };
		1569A16123AC73B4007AECA6 /* NVActivityIndicatorAnimationBallSpinFadeLoader.swift */ = {isa = PBXFileReference; fileEncoding = 4; lastKnownFileType = sourcecode.swift; path = NVActivityIndicatorAnimationBallSpinFadeLoader.swift; sourceTree = "<group>"; };
		1569A16223AC73B4007AECA6 /* NVActivityIndicatorAnimationLineScaleParty.swift */ = {isa = PBXFileReference; fileEncoding = 4; lastKnownFileType = sourcecode.swift; path = NVActivityIndicatorAnimationLineScaleParty.swift; sourceTree = "<group>"; };
		1569A16323AC73B4007AECA6 /* NVActivityIndicatorAnimationLineScalePulseOutRapid.swift */ = {isa = PBXFileReference; fileEncoding = 4; lastKnownFileType = sourcecode.swift; path = NVActivityIndicatorAnimationLineScalePulseOutRapid.swift; sourceTree = "<group>"; };
		1569A16423AC73B4007AECA6 /* NVActivityIndicatorAnimationBallPulseRise.swift */ = {isa = PBXFileReference; fileEncoding = 4; lastKnownFileType = sourcecode.swift; path = NVActivityIndicatorAnimationBallPulseRise.swift; sourceTree = "<group>"; };
		1569A16523AC73B4007AECA6 /* NVActivityIndicatorAnimationOrbit.swift */ = {isa = PBXFileReference; fileEncoding = 4; lastKnownFileType = sourcecode.swift; path = NVActivityIndicatorAnimationOrbit.swift; sourceTree = "<group>"; };
		1569A18C23AC7C38007AECA6 /* Device.swift */ = {isa = PBXFileReference; lastKnownFileType = sourcecode.swift; path = Device.swift; sourceTree = "<group>"; };
		1569A18F23AC7D07007AECA6 /* PKHUDSystemActivityIndicatorView.swift */ = {isa = PBXFileReference; fileEncoding = 4; lastKnownFileType = sourcecode.swift; path = PKHUDSystemActivityIndicatorView.swift; sourceTree = "<group>"; };
		1569A19023AC7D07007AECA6 /* PKHUDAnimation.swift */ = {isa = PBXFileReference; fileEncoding = 4; lastKnownFileType = sourcecode.swift; path = PKHUDAnimation.swift; sourceTree = "<group>"; };
		1569A19123AC7D07007AECA6 /* PKHUDAnimating.swift */ = {isa = PBXFileReference; fileEncoding = 4; lastKnownFileType = sourcecode.swift; path = PKHUDAnimating.swift; sourceTree = "<group>"; };
		1569A19223AC7D07007AECA6 /* FrameView.swift */ = {isa = PBXFileReference; fileEncoding = 4; lastKnownFileType = sourcecode.swift; path = FrameView.swift; sourceTree = "<group>"; };
		1569A19323AC7D07007AECA6 /* PKHUD.swift */ = {isa = PBXFileReference; fileEncoding = 4; lastKnownFileType = sourcecode.swift; path = PKHUD.swift; sourceTree = "<group>"; };
		1569A19423AC7D07007AECA6 /* PKHUDSuccessView.swift */ = {isa = PBXFileReference; fileEncoding = 4; lastKnownFileType = sourcecode.swift; path = PKHUDSuccessView.swift; sourceTree = "<group>"; };
		1569A19523AC7D07007AECA6 /* PKHUDAssets.swift */ = {isa = PBXFileReference; fileEncoding = 4; lastKnownFileType = sourcecode.swift; path = PKHUDAssets.swift; sourceTree = "<group>"; };
		1569A19623AC7D07007AECA6 /* PKHUDWideBaseView.swift */ = {isa = PBXFileReference; fileEncoding = 4; lastKnownFileType = sourcecode.swift; path = PKHUDWideBaseView.swift; sourceTree = "<group>"; };
		1569A19723AC7D07007AECA6 /* PKHUDTextView.swift */ = {isa = PBXFileReference; fileEncoding = 4; lastKnownFileType = sourcecode.swift; path = PKHUDTextView.swift; sourceTree = "<group>"; };
		1569A19823AC7D07007AECA6 /* HUD.swift */ = {isa = PBXFileReference; fileEncoding = 4; lastKnownFileType = sourcecode.swift; path = HUD.swift; sourceTree = "<group>"; };
		1569A19923AC7D07007AECA6 /* PKHUDRotatingImageView.swift */ = {isa = PBXFileReference; fileEncoding = 4; lastKnownFileType = sourcecode.swift; path = PKHUDRotatingImageView.swift; sourceTree = "<group>"; };
		1569A19A23AC7D07007AECA6 /* Window.swift */ = {isa = PBXFileReference; fileEncoding = 4; lastKnownFileType = sourcecode.swift; path = Window.swift; sourceTree = "<group>"; };
		1569A19B23AC7D07007AECA6 /* WindowRootViewController.swift */ = {isa = PBXFileReference; fileEncoding = 4; lastKnownFileType = sourcecode.swift; path = WindowRootViewController.swift; sourceTree = "<group>"; };
		1569A19C23AC7D07007AECA6 /* PKHUDProgressView.swift */ = {isa = PBXFileReference; fileEncoding = 4; lastKnownFileType = sourcecode.swift; path = PKHUDProgressView.swift; sourceTree = "<group>"; };
		1569A19D23AC7D07007AECA6 /* Images.xcassets */ = {isa = PBXFileReference; lastKnownFileType = folder.assetcatalog; path = Images.xcassets; sourceTree = "<group>"; };
		1569A19E23AC7D07007AECA6 /* PKHUDSquareBaseView.swift */ = {isa = PBXFileReference; fileEncoding = 4; lastKnownFileType = sourcecode.swift; path = PKHUDSquareBaseView.swift; sourceTree = "<group>"; };
		1569A19F23AC7D07007AECA6 /* PKHUDErrorView.swift */ = {isa = PBXFileReference; fileEncoding = 4; lastKnownFileType = sourcecode.swift; path = PKHUDErrorView.swift; sourceTree = "<group>"; };
		1571E54723F9DC080002E279 /* SearchViewModel.swift */ = {isa = PBXFileReference; lastKnownFileType = sourcecode.swift; path = SearchViewModel.swift; sourceTree = "<group>"; };
		1571E54B23F9DD050002E279 /* SearchCoordinator.swift */ = {isa = PBXFileReference; lastKnownFileType = sourcecode.swift; path = SearchCoordinator.swift; sourceTree = "<group>"; };
		1579C0C923E5F1A40036A715 /* MovieDetailViewController.swift */ = {isa = PBXFileReference; lastKnownFileType = sourcecode.swift; path = MovieDetailViewController.swift; sourceTree = "<group>"; };
		1579C0CA23E5F1A40036A715 /* MovieDetailViewController.xib */ = {isa = PBXFileReference; lastKnownFileType = file.xib; path = MovieDetailViewController.xib; sourceTree = "<group>"; };
		159F213523976FF300C5626F /* Keyboard.swift */ = {isa = PBXFileReference; lastKnownFileType = sourcecode.swift; path = Keyboard.swift; sourceTree = "<group>"; };
		15BC4FD32397497400C0291F /* iMovie.app */ = {isa = PBXFileReference; explicitFileType = wrapper.application; includeInIndex = 0; path = iMovie.app; sourceTree = BUILT_PRODUCTS_DIR; };
		15BC4FD62397497400C0291F /* AppDelegate.swift */ = {isa = PBXFileReference; lastKnownFileType = sourcecode.swift; path = AppDelegate.swift; sourceTree = "<group>"; };
		15BC4FE02397497400C0291F /* iMovie.xcdatamodel */ = {isa = PBXFileReference; lastKnownFileType = wrapper.xcdatamodel; path = iMovie.xcdatamodel; sourceTree = "<group>"; };
		15BC4FE52397497500C0291F /* Base */ = {isa = PBXFileReference; lastKnownFileType = file.storyboard; name = Base; path = Base.lproj/LaunchScreen.storyboard; sourceTree = "<group>"; };
		15BC4FE72397497500C0291F /* Info.plist */ = {isa = PBXFileReference; lastKnownFileType = text.plist.xml; path = Info.plist; sourceTree = "<group>"; };
		15BC4FEC2397497500C0291F /* iMovieTests.xctest */ = {isa = PBXFileReference; explicitFileType = wrapper.cfbundle; includeInIndex = 0; path = iMovieTests.xctest; sourceTree = BUILT_PRODUCTS_DIR; };
		15BC4FF02397497500C0291F /* iMovieTests.swift */ = {isa = PBXFileReference; lastKnownFileType = sourcecode.swift; path = iMovieTests.swift; sourceTree = "<group>"; };
		15BC4FF22397497500C0291F /* Info.plist */ = {isa = PBXFileReference; lastKnownFileType = text.plist.xml; path = Info.plist; sourceTree = "<group>"; };
		15BC4FFD239761C800C0291F /* IQKeyboardManagerSwift.framework */ = {isa = PBXFileReference; lastKnownFileType = wrapper.framework; name = IQKeyboardManagerSwift.framework; path = Carthage/Build/iOS/IQKeyboardManagerSwift.framework; sourceTree = "<group>"; };
		15BC4FFE239761C800C0291F /* KIF.framework */ = {isa = PBXFileReference; lastKnownFileType = wrapper.framework; name = KIF.framework; path = Carthage/Build/iOS/KIF.framework; sourceTree = "<group>"; };
		15BC4FFF239761C800C0291F /* Kingfisher.framework */ = {isa = PBXFileReference; lastKnownFileType = wrapper.framework; name = Kingfisher.framework; path = Carthage/Build/iOS/Kingfisher.framework; sourceTree = "<group>"; };
		15BC5000239761C800C0291F /* OHHTTPStubs.framework */ = {isa = PBXFileReference; lastKnownFileType = wrapper.framework; name = OHHTTPStubs.framework; path = Carthage/Build/iOS/OHHTTPStubs.framework; sourceTree = "<group>"; };
		15BC5001239761C800C0291F /* Lottie.framework */ = {isa = PBXFileReference; lastKnownFileType = wrapper.framework; name = Lottie.framework; path = Carthage/Build/iOS/Lottie.framework; sourceTree = "<group>"; };
		15BC5003239761C800C0291F /* IQKeyboardManager.framework */ = {isa = PBXFileReference; lastKnownFileType = wrapper.framework; name = IQKeyboardManager.framework; path = Carthage/Build/iOS/IQKeyboardManager.framework; sourceTree = "<group>"; };
		15BC5004239761C800C0291F /* KingfisherSwiftUI.framework */ = {isa = PBXFileReference; lastKnownFileType = wrapper.framework; name = KingfisherSwiftUI.framework; path = Carthage/Build/iOS/KingfisherSwiftUI.framework; sourceTree = "<group>"; };
		15BC501A239763F600C0291F /* UIColor+Utils.swift */ = {isa = PBXFileReference; lastKnownFileType = sourcecode.swift; path = "UIColor+Utils.swift"; sourceTree = "<group>"; };
		15BC501C2397660400C0291F /* UICollectionView+Utils.swift */ = {isa = PBXFileReference; lastKnownFileType = sourcecode.swift; path = "UICollectionView+Utils.swift"; sourceTree = "<group>"; };
		15BC501E2397664400C0291F /* UITableView+Utils.swift */ = {isa = PBXFileReference; lastKnownFileType = sourcecode.swift; path = "UITableView+Utils.swift"; sourceTree = "<group>"; };
		15BC50202397669400C0291F /* UIApplication+Utils.swift */ = {isa = PBXFileReference; lastKnownFileType = sourcecode.swift; path = "UIApplication+Utils.swift"; sourceTree = "<group>"; };
		15BC5022239766B600C0291F /* URL+Utils.swift */ = {isa = PBXFileReference; lastKnownFileType = sourcecode.swift; path = "URL+Utils.swift"; sourceTree = "<group>"; };
		15BC50242397674900C0291F /* Bundle+Utils.swift */ = {isa = PBXFileReference; lastKnownFileType = sourcecode.swift; path = "Bundle+Utils.swift"; sourceTree = "<group>"; };
		15BC50262397677A00C0291F /* UIView+Utils.swift */ = {isa = PBXFileReference; lastKnownFileType = sourcecode.swift; path = "UIView+Utils.swift"; sourceTree = "<group>"; };
		15BC5028239767B100C0291F /* UINavigationController+Utils.swift */ = {isa = PBXFileReference; lastKnownFileType = sourcecode.swift; path = "UINavigationController+Utils.swift"; sourceTree = "<group>"; };
		15BC502A239767DB00C0291F /* Date+Utils.swift */ = {isa = PBXFileReference; lastKnownFileType = sourcecode.swift; path = "Date+Utils.swift"; sourceTree = "<group>"; };
		15BC502C2397683400C0291F /* IMCodable.swift */ = {isa = PBXFileReference; lastKnownFileType = sourcecode.swift; path = IMCodable.swift; sourceTree = "<group>"; };
		15BC502E2397688F00C0291F /* UITabBarController+Utils.swift */ = {isa = PBXFileReference; lastKnownFileType = sourcecode.swift; path = "UITabBarController+Utils.swift"; sourceTree = "<group>"; };
		15BC503223976A6A00C0291F /* String+Utils.swift */ = {isa = PBXFileReference; lastKnownFileType = sourcecode.swift; path = "String+Utils.swift"; sourceTree = "<group>"; };
		15BC503523976CD200C0291F /* AlertManager.swift */ = {isa = PBXFileReference; lastKnownFileType = sourcecode.swift; path = AlertManager.swift; sourceTree = "<group>"; };
		15BC503723976D3400C0291F /* SkeletonView.framework */ = {isa = PBXFileReference; lastKnownFileType = wrapper.framework; name = SkeletonView.framework; path = Carthage/Build/iOS/SkeletonView.framework; sourceTree = "<group>"; };
		15BC503823976D3400C0291F /* SwiftMessages.framework */ = {isa = PBXFileReference; lastKnownFileType = wrapper.framework; name = SwiftMessages.framework; path = Carthage/Build/iOS/SwiftMessages.framework; sourceTree = "<group>"; };
		15BF99882399E8C00005EB27 /* BaseCoordinator.swift */ = {isa = PBXFileReference; lastKnownFileType = sourcecode.swift; path = BaseCoordinator.swift; sourceTree = "<group>"; };
		15BF998B2399E97D0005EB27 /* IMNavigationController.swift */ = {isa = PBXFileReference; lastKnownFileType = sourcecode.swift; path = IMNavigationController.swift; sourceTree = "<group>"; };
		15BF998D2399EA270005EB27 /* UIBarButtonItem+Utils.swift */ = {isa = PBXFileReference; lastKnownFileType = sourcecode.swift; path = "UIBarButtonItem+Utils.swift"; sourceTree = "<group>"; };
		15BF998F2399EA820005EB27 /* AppCoordinator.swift */ = {isa = PBXFileReference; lastKnownFileType = sourcecode.swift; path = AppCoordinator.swift; sourceTree = "<group>"; };
		15BF99912399EC3D0005EB27 /* IMTabBarController.swift */ = {isa = PBXFileReference; lastKnownFileType = sourcecode.swift; path = IMTabBarController.swift; sourceTree = "<group>"; };
		15BF99992399F18D0005EB27 /* TabBarController.swift */ = {isa = PBXFileReference; fileEncoding = 4; lastKnownFileType = sourcecode.swift; path = TabBarController.swift; sourceTree = "<group>"; };
		15BF999A2399F18D0005EB27 /* TabBarController.xib */ = {isa = PBXFileReference; fileEncoding = 4; lastKnownFileType = file.xib; path = TabBarController.xib; sourceTree = "<group>"; };
		15BF999D2399F3720005EB27 /* TabBarCoordinator.swift */ = {isa = PBXFileReference; lastKnownFileType = sourcecode.swift; path = TabBarCoordinator.swift; sourceTree = "<group>"; };
		15BF99A02399F47F0005EB27 /* HomeCoordinator.swift */ = {isa = PBXFileReference; lastKnownFileType = sourcecode.swift; path = HomeCoordinator.swift; sourceTree = "<group>"; };
		15BF99A32399F4F50005EB27 /* HomeViewController.swift */ = {isa = PBXFileReference; lastKnownFileType = sourcecode.swift; path = HomeViewController.swift; sourceTree = "<group>"; };
		15BF99A42399F4F50005EB27 /* HomeViewController.xib */ = {isa = PBXFileReference; lastKnownFileType = file.xib; path = HomeViewController.xib; sourceTree = "<group>"; };
		15BF99A82399F88C0005EB27 /* HomeViewModel.swift */ = {isa = PBXFileReference; lastKnownFileType = sourcecode.swift; path = HomeViewModel.swift; sourceTree = "<group>"; };
		15BF99AA2399F90C0005EB27 /* BaseViewController.swift */ = {isa = PBXFileReference; lastKnownFileType = sourcecode.swift; path = BaseViewController.swift; sourceTree = "<group>"; };
		15BF99AC2399F9960005EB27 /* UIViewController+Utils.swift */ = {isa = PBXFileReference; lastKnownFileType = sourcecode.swift; path = "UIViewController+Utils.swift"; sourceTree = "<group>"; };
		15BF99AE2399FDA40005EB27 /* Assets.xcassets */ = {isa = PBXFileReference; lastKnownFileType = folder.assetcatalog; path = Assets.xcassets; sourceTree = "<group>"; };
		15D0075523FA48F70066C087 /* SectionHeader.swift */ = {isa = PBXFileReference; lastKnownFileType = sourcecode.swift; path = SectionHeader.swift; sourceTree = "<group>"; };
		15D0075623FA48F70066C087 /* SectionHeader.xib */ = {isa = PBXFileReference; lastKnownFileType = file.xib; path = SectionHeader.xib; sourceTree = "<group>"; };
		15E820F023F9EE04007AE417 /* SearchViewController.swift */ = {isa = PBXFileReference; lastKnownFileType = sourcecode.swift; path = SearchViewController.swift; sourceTree = "<group>"; };
		15E820F123F9EE04007AE417 /* SearchViewController.xib */ = {isa = PBXFileReference; lastKnownFileType = file.xib; path = SearchViewController.xib; sourceTree = "<group>"; };
		15F5F79923A0883C00909C2F /* CarouselMovieCell.swift */ = {isa = PBXFileReference; lastKnownFileType = sourcecode.swift; path = CarouselMovieCell.swift; sourceTree = "<group>"; };
		15F5F79A23A0883C00909C2F /* CarouselMovieCell.xib */ = {isa = PBXFileReference; lastKnownFileType = file.xib; path = CarouselMovieCell.xib; sourceTree = "<group>"; };
		15F5F79D23A0912900909C2F /* MovieCell.swift */ = {isa = PBXFileReference; lastKnownFileType = sourcecode.swift; path = MovieCell.swift; sourceTree = "<group>"; };
		15F5F79E23A0912900909C2F /* MovieCell.xib */ = {isa = PBXFileReference; lastKnownFileType = file.xib; path = MovieCell.xib; sourceTree = "<group>"; };
/* End PBXFileReference section */

/* Begin PBXFrameworksBuildPhase section */
		15BC4FD02397497400C0291F /* Frameworks */ = {
			isa = PBXFrameworksBuildPhase;
			buildActionMask = 2147483647;
			files = (
				15BC5005239761C800C0291F /* IQKeyboardManagerSwift.framework in Frameworks */,
				15BC503923976D3400C0291F /* SkeletonView.framework in Frameworks */,
				15BC500D239761C800C0291F /* Lottie.framework in Frameworks */,
				15BC500B239761C800C0291F /* OHHTTPStubs.framework in Frameworks */,
				15BC503B23976D3400C0291F /* SwiftMessages.framework in Frameworks */,
				15BC5009239761C800C0291F /* Kingfisher.framework in Frameworks */,
				15BC5011239761C800C0291F /* IQKeyboardManager.framework in Frameworks */,
			);
			runOnlyForDeploymentPostprocessing = 0;
		};
		15BC4FE92397497500C0291F /* Frameworks */ = {
			isa = PBXFrameworksBuildPhase;
			buildActionMask = 2147483647;
			files = (
			);
			runOnlyForDeploymentPostprocessing = 0;
		};
/* End PBXFrameworksBuildPhase section */

/* Begin PBXGroup section */
		1505C5C5239AA4080025D64E /* Favorites */ = {
			isa = PBXGroup;
			children = (
				1505C5D3239AB08D0025D64E /* Network */,
				1505C5C8239AA42C0025D64E /* View */,
				1505C5C7239AA4240025D64E /* ViewModel */,
				1505C5C6239AA41B0025D64E /* Coordinator */,
			);
			path = Favorites;
			sourceTree = "<group>";
		};
		1505C5C6239AA41B0025D64E /* Coordinator */ = {
			isa = PBXGroup;
			children = (
				1505C5C9239AA4860025D64E /* FavoritesCoordinator.swift */,
			);
			path = Coordinator;
			sourceTree = "<group>";
		};
		1505C5C7239AA4240025D64E /* ViewModel */ = {
			isa = PBXGroup;
			children = (
				1505C5CD239AA4F40025D64E /* FavoritesViewModel.swift */,
			);
			path = ViewModel;
			sourceTree = "<group>";
		};
		1505C5C8239AA42C0025D64E /* View */ = {
			isa = PBXGroup;
			children = (
				1505C5DC239AB2FC0025D64E /* FavoritesViewController.swift */,
				1505C5DD239AB2FC0025D64E /* FavoritesViewController.xib */,
			);
			path = View;
			sourceTree = "<group>";
		};
		1505C5CF239AAA570025D64E /* Network */ = {
			isa = PBXGroup;
			children = (
				152821B6239EB0A70063302E /* HomeService.swift */,
				152821B4239EB0A00063302E /* HomeAPI.swift */,
			);
			path = Network;
			sourceTree = "<group>";
		};
		1505C5D0239AB0740025D64E /* Coordinator */ = {
			isa = PBXGroup;
			children = (
				1505C5D4239AB2750025D64E /* ConfigCoordinator.swift */,
			);
			path = Coordinator;
			sourceTree = "<group>";
		};
		1505C5D1239AB07D0025D64E /* ViewModel */ = {
			isa = PBXGroup;
			children = (
				1505C5D6239AB29B0025D64E /* ConfigViewModel.swift */,
			);
			path = ViewModel;
			sourceTree = "<group>";
		};
		1505C5D2239AB0850025D64E /* View */ = {
			isa = PBXGroup;
			children = (
				1505C5D8239AB2DB0025D64E /* ConfigViewController.swift */,
				1505C5D9239AB2DB0025D64E /* ConfigViewController.xib */,
			);
			path = View;
			sourceTree = "<group>";
		};
		1505C5D3239AB08D0025D64E /* Network */ = {
			isa = PBXGroup;
			children = (
			);
			path = Network;
			sourceTree = "<group>";
		};
		152821A4239EAAA30063302E /* Network */ = {
			isa = PBXGroup;
			children = (
				152821A5239EAB590063302E /* IMConfig.swift */,
				152821BF239ED44D0063302E /* BaseService.swift */,
			);
			path = Network;
			sourceTree = "<group>";
		};
		152821BA239EBF870063302E /* Model */ = {
			isa = PBXGroup;
			children = (
				152821BB239EBF920063302E /* Movie.swift */,
			);
			path = Model;
			sourceTree = "<group>";
		};
		1569A13D23AC7393007AECA6 /* Libraries */ = {
			isa = PBXGroup;
			children = (
				1569A18E23AC7D07007AECA6 /* PKHUD */,
				1569A13E23AC73B4007AECA6 /* NVA */,
			);
			path = Libraries;
			sourceTree = "<group>";
		};
		1569A13E23AC73B4007AECA6 /* NVA */ = {
			isa = PBXGroup;
			children = (
				1569A13F23AC73B4007AECA6 /* NVActivityIndicatorAnimationBallRotate.swift */,
				1569A14023AC73B4007AECA6 /* NVActivityIndicatorAnimationBallGridPulse.swift */,
				1569A14123AC73B4007AECA6 /* NVActivityIndicatorAnimationDelegate.swift */,
				1569A14223AC73B4007AECA6 /* NVActivityIndicatorAnimationBallClipRotate.swift */,
				1569A14323AC73B4007AECA6 /* NVActivityIndicatorAnimationBallClipRotateMultiple.swift */,
				1569A14423AC73B4007AECA6 /* NVActivityIndicatorAnimationBallTrianglePath.swift */,
				1569A14523AC73B4007AECA6 /* NVActivityIndicatorAnimationLineScalePulseOut.swift */,
				1569A14623AC73B4007AECA6 /* NVActivityIndicatorAnimationLineSpinFadeLoader.swift */,
				1569A14723AC73B4007AECA6 /* NVActivityIndicatorAnimationBallClipWithoutScaleRotate.swift */,
				1569A14823AC73B4007AECA6 /* NVActivityIndicatorAnimationBallZigZagDeflect.swift */,
				1569A14923AC73B4007AECA6 /* NVActivityIndicatorAnimationBallScale.swift */,
				1569A14A23AC73B4007AECA6 /* NVActivityIndicatorAnimationBallZigZag.swift */,
				1569A14B23AC73B4007AECA6 /* NVActivityIndicatorAnimationBallBeat.swift */,
				1569A14C23AC73B4007AECA6 /* NVActivityIndicatorAnimationSemiCircleSpin.swift */,
				1569A14D23AC73B4007AECA6 /* Presenter */,
				1569A15023AC73B4007AECA6 /* NVActivityIndicatorAnimationBallScaleRipple.swift */,
				1569A15123AC73B4007AECA6 /* NVActivityIndicatorAnimationBallClipRotatePulse.swift */,
				1569A15223AC73B4007AECA6 /* NVActivityIndicatorAnimationSquareSpin.swift */,
				1569A15323AC73B4007AECA6 /* NVActivityIndicatorShape.swift */,
				1569A15423AC73B4007AECA6 /* NVActivityIndicatorAnimationBallRotateChase.swift */,
				1569A15523AC73B4007AECA6 /* NVActivityIndicatorAnimationBallPulse.swift */,
				1569A15623AC73B4007AECA6 /* NVActivityIndicatorAnimationBlank.swift */,
				1569A15723AC73B4007AECA6 /* NVActivityIndicatorAnimationAudioEqualizer.swift */,
				1569A15823AC73B4007AECA6 /* NVActivityIndicatorAnimationTriangleSkewSpin.swift */,
				1569A15923AC73B4007AECA6 /* NVActivityIndicatorView.swift */,
				1569A15A23AC73B4007AECA6 /* NVActivityIndicatorAnimationBallGridBeat.swift */,
				1569A15B23AC73B4007AECA6 /* NVActivityIndicatorAnimationBallScaleMultiple.swift */,
				1569A15C23AC73B4007AECA6 /* NVActivityIndicatorAnimationLineScale.swift */,
				1569A15D23AC73B4007AECA6 /* NVActivityIndicatorAnimationBallScaleRippleMultiple.swift */,
				1569A15E23AC73B4007AECA6 /* NVActivityIndicatorAnimationPacman.swift */,
				1569A15F23AC73B4007AECA6 /* NVActivityIndicatorAnimationBallPulseSync.swift */,
				1569A16023AC73B4007AECA6 /* NVActivityIndicatorAnimationCubeTransition.swift */,
				1569A16123AC73B4007AECA6 /* NVActivityIndicatorAnimationBallSpinFadeLoader.swift */,
				1569A16223AC73B4007AECA6 /* NVActivityIndicatorAnimationLineScaleParty.swift */,
				1569A16323AC73B4007AECA6 /* NVActivityIndicatorAnimationLineScalePulseOutRapid.swift */,
				1569A16423AC73B4007AECA6 /* NVActivityIndicatorAnimationBallPulseRise.swift */,
				1569A16523AC73B4007AECA6 /* NVActivityIndicatorAnimationOrbit.swift */,
			);
			path = NVA;
			sourceTree = "<group>";
		};
		1569A14D23AC73B4007AECA6 /* Presenter */ = {
			isa = PBXGroup;
			children = (
				1569A14E23AC73B4007AECA6 /* NVActivityIndicatorPresenter.swift */,
				1569A14F23AC73B4007AECA6 /* NVActivityIndicatorViewable.swift */,
			);
			path = Presenter;
			sourceTree = "<group>";
		};
		1569A18E23AC7D07007AECA6 /* PKHUD */ = {
			isa = PBXGroup;
			children = (
				1569A18F23AC7D07007AECA6 /* PKHUDSystemActivityIndicatorView.swift */,
				1569A19023AC7D07007AECA6 /* PKHUDAnimation.swift */,
				1569A19123AC7D07007AECA6 /* PKHUDAnimating.swift */,
				1569A19223AC7D07007AECA6 /* FrameView.swift */,
				1569A19323AC7D07007AECA6 /* PKHUD.swift */,
				1569A19423AC7D07007AECA6 /* PKHUDSuccessView.swift */,
				1569A19523AC7D07007AECA6 /* PKHUDAssets.swift */,
				1569A19623AC7D07007AECA6 /* PKHUDWideBaseView.swift */,
				1569A19723AC7D07007AECA6 /* PKHUDTextView.swift */,
				1569A19823AC7D07007AECA6 /* HUD.swift */,
				1569A19923AC7D07007AECA6 /* PKHUDRotatingImageView.swift */,
				1569A19A23AC7D07007AECA6 /* Window.swift */,
				1569A19B23AC7D07007AECA6 /* WindowRootViewController.swift */,
				1569A19C23AC7D07007AECA6 /* PKHUDProgressView.swift */,
				1569A19D23AC7D07007AECA6 /* Images.xcassets */,
				1569A19E23AC7D07007AECA6 /* PKHUDSquareBaseView.swift */,
				1569A19F23AC7D07007AECA6 /* PKHUDErrorView.swift */,
			);
			path = PKHUD;
			sourceTree = "<group>";
		};
		1571E54123F9DBC20002E279 /* Search */ = {
			isa = PBXGroup;
			children = (
				1571E54623F9DBF60002E279 /* Model */,
				1571E54423F9DBE90002E279 /* ViewModel */,
				1571E54323F9DBE40002E279 /* View */,
				1571E54223F9DBDA0002E279 /* Coordinator */,
			);
			path = Search;
			sourceTree = "<group>";
		};
		1571E54223F9DBDA0002E279 /* Coordinator */ = {
			isa = PBXGroup;
			children = (
				1571E54B23F9DD050002E279 /* SearchCoordinator.swift */,
			);
			path = Coordinator;
			sourceTree = "<group>";
		};
		1571E54323F9DBE40002E279 /* View */ = {
			isa = PBXGroup;
			children = (
				15E820F023F9EE04007AE417 /* SearchViewController.swift */,
				15E820F123F9EE04007AE417 /* SearchViewController.xib */,
			);
			path = View;
			sourceTree = "<group>";
		};
		1571E54423F9DBE90002E279 /* ViewModel */ = {
			isa = PBXGroup;
			children = (
				1571E54723F9DC080002E279 /* SearchViewModel.swift */,
			);
			path = ViewModel;
			sourceTree = "<group>";
		};
		1571E54623F9DBF60002E279 /* Model */ = {
			isa = PBXGroup;
			children = (
			);
			path = Model;
			sourceTree = "<group>";
		};
		15BC4FCA2397497400C0291F = {
			isa = PBXGroup;
			children = (
				15BC4FD52397497400C0291F /* iMovie */,
				15BC4FEF2397497500C0291F /* iMovieTests */,
				15BC4FD42397497400C0291F /* Products */,
				15BC4FFC239761C800C0291F /* Frameworks */,
			);
			sourceTree = "<group>";
		};
		15BC4FD42397497400C0291F /* Products */ = {
			isa = PBXGroup;
			children = (
				15BC4FD32397497400C0291F /* iMovie.app */,
				15BC4FEC2397497500C0291F /* iMovieTests.xctest */,
			);
			name = Products;
			sourceTree = "<group>";
		};
		15BC4FD52397497400C0291F /* iMovie */ = {
			isa = PBXGroup;
			children = (
				15BF99932399F0FA0005EB27 /* TabBar */,
				15BC4FD62397497400C0291F /* AppDelegate.swift */,
				15BC4FE42397497500C0291F /* LaunchScreen.storyboard */,
				15BC4FE72397497500C0291F /* Info.plist */,
				15BC4FDF2397497400C0291F /* iMovie.xcdatamodeld */,
				15BF99AE2399FDA40005EB27 /* Assets.xcassets */,
				15BF99872399E8AC0005EB27 /* Coordinator */,
				152821A4239EAAA30063302E /* Network */,
				15BF998A2399E9450005EB27 /* Common */,
				15BC503423976CC200C0291F /* Managers */,
				15BC50172397637100C0291F /* Extensions */,
				1569A13D23AC7393007AECA6 /* Libraries */,
			);
			path = iMovie;
			sourceTree = "<group>";
		};
		15BC4FEF2397497500C0291F /* iMovieTests */ = {
			isa = PBXGroup;
			children = (
				15BC4FF02397497500C0291F /* iMovieTests.swift */,
				15BC4FF22397497500C0291F /* Info.plist */,
			);
			path = iMovieTests;
			sourceTree = "<group>";
		};
		15BC4FFC239761C800C0291F /* Frameworks */ = {
			isa = PBXGroup;
			children = (
				15BC503723976D3400C0291F /* SkeletonView.framework */,
				15BC503823976D3400C0291F /* SwiftMessages.framework */,
				15BC5003239761C800C0291F /* IQKeyboardManager.framework */,
				15BC4FFD239761C800C0291F /* IQKeyboardManagerSwift.framework */,
				15BC4FFE239761C800C0291F /* KIF.framework */,
				15BC4FFF239761C800C0291F /* Kingfisher.framework */,
				15BC5004239761C800C0291F /* KingfisherSwiftUI.framework */,
				15BC5001239761C800C0291F /* Lottie.framework */,
				15BC5000239761C800C0291F /* OHHTTPStubs.framework */,
			);
			name = Frameworks;
			sourceTree = "<group>";
		};
		15BC50172397637100C0291F /* Extensions */ = {
			isa = PBXGroup;
			children = (
				15BC501A239763F600C0291F /* UIColor+Utils.swift */,
				15BC501C2397660400C0291F /* UICollectionView+Utils.swift */,
				15BC501E2397664400C0291F /* UITableView+Utils.swift */,
				15BC50202397669400C0291F /* UIApplication+Utils.swift */,
				15BC5022239766B600C0291F /* URL+Utils.swift */,
				15BC50242397674900C0291F /* Bundle+Utils.swift */,
				15BC50262397677A00C0291F /* UIView+Utils.swift */,
				15BC5028239767B100C0291F /* UINavigationController+Utils.swift */,
				15BC502A239767DB00C0291F /* Date+Utils.swift */,
				15BC502C2397683400C0291F /* IMCodable.swift */,
				15BC502E2397688F00C0291F /* UITabBarController+Utils.swift */,
				15BC503223976A6A00C0291F /* String+Utils.swift */,
				15BF998D2399EA270005EB27 /* UIBarButtonItem+Utils.swift */,
				15BF99AC2399F9960005EB27 /* UIViewController+Utils.swift */,
				152821A9239EAC5A0063302E /* Dictionary+Utils.swift */,
			);
			path = Extensions;
			sourceTree = "<group>";
		};
		15BC503423976CC200C0291F /* Managers */ = {
			isa = PBXGroup;
			children = (
				15BC503523976CD200C0291F /* AlertManager.swift */,
				159F213523976FF300C5626F /* Keyboard.swift */,
			);
			path = Managers;
			sourceTree = "<group>";
		};
		15BF99872399E8AC0005EB27 /* Coordinator */ = {
			isa = PBXGroup;
			children = (
				15BF99882399E8C00005EB27 /* BaseCoordinator.swift */,
				15BF998F2399EA820005EB27 /* AppCoordinator.swift */,
			);
			path = Coordinator;
			sourceTree = "<group>";
		};
		15BF998A2399E9450005EB27 /* Common */ = {
			isa = PBXGroup;
			children = (
				15BF998B2399E97D0005EB27 /* IMNavigationController.swift */,
				15BF99912399EC3D0005EB27 /* IMTabBarController.swift */,
				15BF99AA2399F90C0005EB27 /* BaseViewController.swift */,
				152821A7239EAC0B0063302E /* Reachability.swift */,
				152821B8239EB8D50063302E /* Fetcher.swift */,
				152821BD239ECB390063302E /* IMError.swift */,
				1569A18C23AC7C38007AECA6 /* Device.swift */,
				15D0075523FA48F70066C087 /* SectionHeader.swift */,
				15D0075623FA48F70066C087 /* SectionHeader.xib */,
			);
			path = Common;
			sourceTree = "<group>";
		};
		15BF99932399F0FA0005EB27 /* TabBar */ = {
			isa = PBXGroup;
			children = (
				15BF99942399F1000005EB27 /* TabBar */,
				15BF99952399F10A0005EB27 /* Home */,
				1571E54123F9DBC20002E279 /* Search */,
				1505C5C5239AA4080025D64E /* Favorites */,
				15BF99962399F1100005EB27 /* Config */,
			);
			path = TabBar;
			sourceTree = "<group>";
		};
		15BF99942399F1000005EB27 /* TabBar */ = {
			isa = PBXGroup;
			children = (
				15BF99982399F13B0005EB27 /* Coordinator */,
				15BF99972399F1370005EB27 /* View */,
			);
			path = TabBar;
			sourceTree = "<group>";
		};
		15BF99952399F10A0005EB27 /* Home */ = {
			isa = PBXGroup;
			children = (
				152821BA239EBF870063302E /* Model */,
				1505C5CF239AAA570025D64E /* Network */,
				15BF99A72399F87C0005EB27 /* ViewModel */,
				15BF99A22399F4DD0005EB27 /* View */,
				15BF999F2399F4690005EB27 /* Coordinator */,
			);
			path = Home;
			sourceTree = "<group>";
		};
		15BF99962399F1100005EB27 /* Config */ = {
			isa = PBXGroup;
			children = (
				1505C5D2239AB0850025D64E /* View */,
				1505C5D1239AB07D0025D64E /* ViewModel */,
				1505C5D0239AB0740025D64E /* Coordinator */,
			);
			path = Config;
			sourceTree = "<group>";
		};
		15BF99972399F1370005EB27 /* View */ = {
			isa = PBXGroup;
			children = (
				15BF99992399F18D0005EB27 /* TabBarController.swift */,
				15BF999A2399F18D0005EB27 /* TabBarController.xib */,
			);
			path = View;
			sourceTree = "<group>";
		};
		15BF99982399F13B0005EB27 /* Coordinator */ = {
			isa = PBXGroup;
			children = (
				15BF999D2399F3720005EB27 /* TabBarCoordinator.swift */,
			);
			path = Coordinator;
			sourceTree = "<group>";
		};
		15BF999F2399F4690005EB27 /* Coordinator */ = {
			isa = PBXGroup;
			children = (
				15BF99A02399F47F0005EB27 /* HomeCoordinator.swift */,
			);
			path = Coordinator;
			sourceTree = "<group>";
		};
		15BF99A22399F4DD0005EB27 /* View */ = {
			isa = PBXGroup;
			children = (
				15F5F79823A0880D00909C2F /* Cells */,
				15BF99A32399F4F50005EB27 /* HomeViewController.swift */,
				15BF99A42399F4F50005EB27 /* HomeViewController.xib */,
				1579C0C923E5F1A40036A715 /* MovieDetailViewController.swift */,
				1579C0CA23E5F1A40036A715 /* MovieDetailViewController.xib */,
			);
			path = View;
			sourceTree = "<group>";
		};
		15BF99A72399F87C0005EB27 /* ViewModel */ = {
			isa = PBXGroup;
			children = (
				15BF99A82399F88C0005EB27 /* HomeViewModel.swift */,
			);
			path = ViewModel;
			sourceTree = "<group>";
		};
		15F5F79823A0880D00909C2F /* Cells */ = {
			isa = PBXGroup;
			children = (
				15F5F79923A0883C00909C2F /* CarouselMovieCell.swift */,
				15F5F79A23A0883C00909C2F /* CarouselMovieCell.xib */,
				15F5F79D23A0912900909C2F /* MovieCell.swift */,
				15F5F79E23A0912900909C2F /* MovieCell.xib */,
			);
			path = Cells;
			sourceTree = "<group>";
		};
/* End PBXGroup section */

/* Begin PBXNativeTarget section */
		15BC4FD22397497400C0291F /* iMovie */ = {
			isa = PBXNativeTarget;
			buildConfigurationList = 15BC4FF52397497500C0291F /* Build configuration list for PBXNativeTarget "iMovie" */;
			buildPhases = (
				15BC4FCF2397497400C0291F /* Sources */,
				15BC4FD02397497400C0291F /* Frameworks */,
				15BC4FD12397497400C0291F /* Resources */,
				15BC4FFB23974C4500C0291F /* SwiftLint */,
				15BC5015239761C800C0291F /* Embed Frameworks */,
				15BC50162397621F00C0291F /* Carthage */,
			);
			buildRules = (
			);
			dependencies = (
			);
			name = iMovie;
			productName = iMovie;
			productReference = 15BC4FD32397497400C0291F /* iMovie.app */;
			productType = "com.apple.product-type.application";
		};
		15BC4FEB2397497500C0291F /* iMovieTests */ = {
			isa = PBXNativeTarget;
			buildConfigurationList = 15BC4FF82397497500C0291F /* Build configuration list for PBXNativeTarget "iMovieTests" */;
			buildPhases = (
				15BC4FE82397497500C0291F /* Sources */,
				15BC4FE92397497500C0291F /* Frameworks */,
				15BC4FEA2397497500C0291F /* Resources */,
			);
			buildRules = (
			);
			dependencies = (
				15BC4FEE2397497500C0291F /* PBXTargetDependency */,
			);
			name = iMovieTests;
			productName = iMovieTests;
			productReference = 15BC4FEC2397497500C0291F /* iMovieTests.xctest */;
			productType = "com.apple.product-type.bundle.unit-test";
		};
/* End PBXNativeTarget section */

/* Begin PBXProject section */
		15BC4FCB2397497400C0291F /* Project object */ = {
			isa = PBXProject;
			attributes = {
				LastSwiftUpdateCheck = 1110;
				LastUpgradeCheck = 1110;
				ORGANIZATIONNAME = bruno;
				TargetAttributes = {
					15BC4FD22397497400C0291F = {
						CreatedOnToolsVersion = 11.1;
					};
					15BC4FEB2397497500C0291F = {
						CreatedOnToolsVersion = 11.1;
						TestTargetID = 15BC4FD22397497400C0291F;
					};
				};
			};
			buildConfigurationList = 15BC4FCE2397497400C0291F /* Build configuration list for PBXProject "iMovie" */;
			compatibilityVersion = "Xcode 9.3";
			developmentRegion = en;
			hasScannedForEncodings = 0;
			knownRegions = (
				en,
				Base,
			);
			mainGroup = 15BC4FCA2397497400C0291F;
			productRefGroup = 15BC4FD42397497400C0291F /* Products */;
			projectDirPath = "";
			projectRoot = "";
			targets = (
				15BC4FD22397497400C0291F /* iMovie */,
				15BC4FEB2397497500C0291F /* iMovieTests */,
			);
		};
/* End PBXProject section */

/* Begin PBXResourcesBuildPhase section */
		15BC4FD12397497400C0291F /* Resources */ = {
			isa = PBXResourcesBuildPhase;
			buildActionMask = 2147483647;
			files = (
				1579C0CC23E5F1A40036A715 /* MovieDetailViewController.xib in Resources */,
				15BC4FE62397497500C0291F /* LaunchScreen.storyboard in Resources */,
				15BF999C2399F18D0005EB27 /* TabBarController.xib in Resources */,
				15BF99AF2399FDA40005EB27 /* Assets.xcassets in Resources */,
				15F5F79C23A0883C00909C2F /* CarouselMovieCell.xib in Resources */,
				15BF99A62399F4F50005EB27 /* HomeViewController.xib in Resources */,
				15D0075823FA48F70066C087 /* SectionHeader.xib in Resources */,
				15F5F7A023A0912900909C2F /* MovieCell.xib in Resources */,
				1505C5DF239AB2FC0025D64E /* FavoritesViewController.xib in Resources */,
				15E820F323F9EE04007AE417 /* SearchViewController.xib in Resources */,
				1505C5DB239AB2DB0025D64E /* ConfigViewController.xib in Resources */,
			);
			runOnlyForDeploymentPostprocessing = 0;
		};
		15BC4FEA2397497500C0291F /* Resources */ = {
			isa = PBXResourcesBuildPhase;
			buildActionMask = 2147483647;
			files = (
			);
			runOnlyForDeploymentPostprocessing = 0;
		};
/* End PBXResourcesBuildPhase section */

/* Begin PBXShellScriptBuildPhase section */
		15BC4FFB23974C4500C0291F /* SwiftLint */ = {
			isa = PBXShellScriptBuildPhase;
			buildActionMask = 2147483647;
			files = (
			);
			inputFileListPaths = (
			);
			inputPaths = (
			);
			name = SwiftLint;
			outputFileListPaths = (
			);
			outputPaths = (
			);
			runOnlyForDeploymentPostprocessing = 0;
			shellPath = /bin/sh;
			shellScript = "if which swiftlint >/dev/null; then\n  swiftlint\nelse\n  echo \"warning: SwiftLint not installed, download from https://github.com/realm/SwiftLint\"\nfi\n";
		};
		15BC50162397621F00C0291F /* Carthage */ = {
			isa = PBXShellScriptBuildPhase;
			buildActionMask = 2147483647;
			files = (
			);
			inputFileListPaths = (
			);
			inputPaths = (
				"$(SRCROOT)/Carthage/Build/iOS/Kingfisher.framework",
			);
			name = Carthage;
			outputFileListPaths = (
			);
			outputPaths = (
			);
			runOnlyForDeploymentPostprocessing = 0;
			shellPath = /bin/sh;
			shellScript = "/usr/local/bin/carthage copy-frameworks\n";
		};
/* End PBXShellScriptBuildPhase section */

/* Begin PBXSourcesBuildPhase section */
		15BC4FCF2397497400C0291F /* Sources */ = {
			isa = PBXSourcesBuildPhase;
			buildActionMask = 2147483647;
			files = (
				15069CA823E52652007B8EED /* MovieCell.swift in Sources */,
				1569A17A23AC73B4007AECA6 /* NVActivityIndicatorAnimationBallRotateChase.swift in Sources */,
				152821BC239EBF920063302E /* Movie.swift in Sources */,
				1569A17C23AC73B4007AECA6 /* NVActivityIndicatorAnimationBlank.swift in Sources */,
				15F5F79B23A0883C00909C2F /* CarouselMovieCell.swift in Sources */,
				1569A17F23AC73B4007AECA6 /* NVActivityIndicatorView.swift in Sources */,
				15BF99A52399F4F50005EB27 /* HomeViewController.swift in Sources */,
				1569A1AD23AC7D07007AECA6 /* PKHUDProgressView.swift in Sources */,
				1569A18523AC73B4007AECA6 /* NVActivityIndicatorAnimationBallPulseSync.swift in Sources */,
				1569A18D23AC7C38007AECA6 /* Device.swift in Sources */,
				1569A17E23AC73B4007AECA6 /* NVActivityIndicatorAnimationTriangleSkewSpin.swift in Sources */,
				1569A18123AC73B4007AECA6 /* NVActivityIndicatorAnimationBallScaleMultiple.swift in Sources */,
				1569A1A623AC7D07007AECA6 /* PKHUDAssets.swift in Sources */,
				15BC50212397669400C0291F /* UIApplication+Utils.swift in Sources */,
				15BC501D2397660400C0291F /* UICollectionView+Utils.swift in Sources */,
				152821AA239EAC5A0063302E /* Dictionary+Utils.swift in Sources */,
				1569A18423AC73B4007AECA6 /* NVActivityIndicatorAnimationPacman.swift in Sources */,
				15D0075723FA48F70066C087 /* SectionHeader.swift in Sources */,
				15BF998E2399EA270005EB27 /* UIBarButtonItem+Utils.swift in Sources */,
				1505C5CA239AA4860025D64E /* FavoritesCoordinator.swift in Sources */,
				15BC503623976CD200C0291F /* AlertManager.swift in Sources */,
				1569A17623AC73B4007AECA6 /* NVActivityIndicatorAnimationBallScaleRipple.swift in Sources */,
				152821C0239ED44D0063302E /* BaseService.swift in Sources */,
				1579C0CB23E5F1A40036A715 /* MovieDetailViewController.swift in Sources */,
				1569A16F23AC73B4007AECA6 /* NVActivityIndicatorAnimationBallZigZagDeflect.swift in Sources */,
				1569A1A523AC7D07007AECA6 /* PKHUDSuccessView.swift in Sources */,
				15BF99AB2399F90C0005EB27 /* BaseViewController.swift in Sources */,
				1569A16923AC73B4007AECA6 /* NVActivityIndicatorAnimationBallClipRotate.swift in Sources */,
				1505C5D5239AB2750025D64E /* ConfigCoordinator.swift in Sources */,
				1569A18A23AC73B4007AECA6 /* NVActivityIndicatorAnimationBallPulseRise.swift in Sources */,
				1569A17123AC73B4007AECA6 /* NVActivityIndicatorAnimationBallZigZag.swift in Sources */,
				15BF999E2399F3720005EB27 /* TabBarCoordinator.swift in Sources */,
				15BF99A12399F47F0005EB27 /* HomeCoordinator.swift in Sources */,
				152821BE239ECB390063302E /* IMError.swift in Sources */,
				1505C5D7239AB29B0025D64E /* ConfigViewModel.swift in Sources */,
				15E820F223F9EE04007AE417 /* SearchViewController.swift in Sources */,
				15BC4FE12397497400C0291F /* iMovie.xcdatamodeld in Sources */,
				1569A17723AC73B4007AECA6 /* NVActivityIndicatorAnimationBallClipRotatePulse.swift in Sources */,
				1569A16E23AC73B4007AECA6 /* NVActivityIndicatorAnimationBallClipWithoutScaleRotate.swift in Sources */,
				15BC50252397674900C0291F /* Bundle+Utils.swift in Sources */,
				1569A17B23AC73B4007AECA6 /* NVActivityIndicatorAnimationBallPulse.swift in Sources */,
				1569A1A723AC7D07007AECA6 /* PKHUDWideBaseView.swift in Sources */,
				1569A1A123AC7D07007AECA6 /* PKHUDAnimation.swift in Sources */,
				152821A8239EAC0B0063302E /* Reachability.swift in Sources */,
				1569A1A223AC7D07007AECA6 /* PKHUDAnimating.swift in Sources */,
				15BC502B239767DB00C0291F /* Date+Utils.swift in Sources */,
				1569A18623AC73B4007AECA6 /* NVActivityIndicatorAnimationCubeTransition.swift in Sources */,
				15BF99892399E8C00005EB27 /* BaseCoordinator.swift in Sources */,
				1569A16823AC73B4007AECA6 /* NVActivityIndicatorAnimationDelegate.swift in Sources */,
				15BC4FD72397497400C0291F /* AppDelegate.swift in Sources */,
				1571E54823F9DC080002E279 /* SearchViewModel.swift in Sources */,
				1569A1AF23AC7D07007AECA6 /* PKHUDSquareBaseView.swift in Sources */,
				1569A16D23AC73B4007AECA6 /* NVActivityIndicatorAnimationLineSpinFadeLoader.swift in Sources */,
				15BC5023239766B600C0291F /* URL+Utils.swift in Sources */,
				15BC501B239763F600C0291F /* UIColor+Utils.swift in Sources */,
				1569A16A23AC73B4007AECA6 /* NVActivityIndicatorAnimationBallClipRotateMultiple.swift in Sources */,
				1569A18223AC73B4007AECA6 /* NVActivityIndicatorAnimationLineScale.swift in Sources */,
				1569A1AB23AC7D07007AECA6 /* Window.swift in Sources */,
				1569A1A323AC7D07007AECA6 /* FrameView.swift in Sources */,
				1505C5DA239AB2DB0025D64E /* ConfigViewController.swift in Sources */,
				15BC5029239767B100C0291F /* UINavigationController+Utils.swift in Sources */,
				1505C5CE239AA4F40025D64E /* FavoritesViewModel.swift in Sources */,
				152821A6239EAB590063302E /* IMConfig.swift in Sources */,
				1569A1A823AC7D07007AECA6 /* PKHUDTextView.swift in Sources */,
				1569A17323AC73B4007AECA6 /* NVActivityIndicatorAnimationSemiCircleSpin.swift in Sources */,
				1569A17023AC73B4007AECA6 /* NVActivityIndicatorAnimationBallScale.swift in Sources */,
				15BF99AD2399F9960005EB27 /* UIViewController+Utils.swift in Sources */,
				1569A16623AC73B4007AECA6 /* NVActivityIndicatorAnimationBallRotate.swift in Sources */,
				15BF99902399EA820005EB27 /* AppCoordinator.swift in Sources */,
				152821B7239EB0A70063302E /* HomeService.swift in Sources */,
				1569A18023AC73B4007AECA6 /* NVActivityIndicatorAnimationBallGridBeat.swift in Sources */,
				1569A16B23AC73B4007AECA6 /* NVActivityIndicatorAnimationBallTrianglePath.swift in Sources */,
				152821B5239EB0A00063302E /* HomeAPI.swift in Sources */,
				1505C5DE239AB2FC0025D64E /* FavoritesViewController.swift in Sources */,
				1569A1A923AC7D07007AECA6 /* HUD.swift in Sources */,
				1569A1AC23AC7D07007AECA6 /* WindowRootViewController.swift in Sources */,
				1569A16C23AC73B4007AECA6 /* NVActivityIndicatorAnimationLineScalePulseOut.swift in Sources */,
				15BF999B2399F18D0005EB27 /* TabBarController.swift in Sources */,
				1569A17D23AC73B4007AECA6 /* NVActivityIndicatorAnimationAudioEqualizer.swift in Sources */,
				1569A18923AC73B4007AECA6 /* NVActivityIndicatorAnimationLineScalePulseOutRapid.swift in Sources */,
				15BF998C2399E97D0005EB27 /* IMNavigationController.swift in Sources */,
				1569A17923AC73B4007AECA6 /* NVActivityIndicatorShape.swift in Sources */,
				159F213623976FF300C5626F /* Keyboard.swift in Sources */,
				1569A17423AC73B4007AECA6 /* NVActivityIndicatorPresenter.swift in Sources */,
				15BC50272397677A00C0291F /* UIView+Utils.swift in Sources */,
				1569A17523AC73B4007AECA6 /* NVActivityIndicatorViewable.swift in Sources */,
				152821B9239EB8D50063302E /* Fetcher.swift in Sources */,
				15BC502D2397683400C0291F /* IMCodable.swift in Sources */,
				1569A1A023AC7D07007AECA6 /* PKHUDSystemActivityIndicatorView.swift in Sources */,
				1569A1A423AC7D07007AECA6 /* PKHUD.swift in Sources */,
				15BF99A92399F88C0005EB27 /* HomeViewModel.swift in Sources */,
				1569A17223AC73B4007AECA6 /* NVActivityIndicatorAnimationBallBeat.swift in Sources */,
				1569A1B023AC7D07007AECA6 /* PKHUDErrorView.swift in Sources */,
				1571E54C23F9DD050002E279 /* SearchCoordinator.swift in Sources */,
				1569A17823AC73B4007AECA6 /* NVActivityIndicatorAnimationSquareSpin.swift in Sources */,
				15BC501F2397664400C0291F /* UITableView+Utils.swift in Sources */,
				15BC503323976A6A00C0291F /* String+Utils.swift in Sources */,
				1569A18723AC73B4007AECA6 /* NVActivityIndicatorAnimationBallSpinFadeLoader.swift in Sources */,
				15BF99922399EC3D0005EB27 /* IMTabBarController.swift in Sources */,
				1569A18B23AC73B4007AECA6 /* NVActivityIndicatorAnimationOrbit.swift in Sources */,
				1569A18323AC73B4007AECA6 /* NVActivityIndicatorAnimationBallScaleRippleMultiple.swift in Sources */,
				15BC502F2397688F00C0291F /* UITabBarController+Utils.swift in Sources */,
				1569A1AA23AC7D07007AECA6 /* PKHUDRotatingImageView.swift in Sources */,
				1569A16723AC73B4007AECA6 /* NVActivityIndicatorAnimationBallGridPulse.swift in Sources */,
				1569A18823AC73B4007AECA6 /* NVActivityIndicatorAnimationLineScaleParty.swift in Sources */,
			);
			runOnlyForDeploymentPostprocessing = 0;
		};
		15BC4FE82397497500C0291F /* Sources */ = {
			isa = PBXSourcesBuildPhase;
			buildActionMask = 2147483647;
			files = (
				15BC4FF12397497500C0291F /* iMovieTests.swift in Sources */,
			);
			runOnlyForDeploymentPostprocessing = 0;
		};
/* End PBXSourcesBuildPhase section */

/* Begin PBXTargetDependency section */
		15BC4FEE2397497500C0291F /* PBXTargetDependency */ = {
			isa = PBXTargetDependency;
			target = 15BC4FD22397497400C0291F /* iMovie */;
			targetProxy = 15BC4FED2397497500C0291F /* PBXContainerItemProxy */;
		};
/* End PBXTargetDependency section */

/* Begin PBXVariantGroup section */
		15BC4FE42397497500C0291F /* LaunchScreen.storyboard */ = {
			isa = PBXVariantGroup;
			children = (
				15BC4FE52397497500C0291F /* Base */,
			);
			name = LaunchScreen.storyboard;
			sourceTree = "<group>";
		};
/* End PBXVariantGroup section */

/* Begin XCBuildConfiguration section */
		15BC4FF32397497500C0291F /* Debug */ = {
			isa = XCBuildConfiguration;
			buildSettings = {
				ALWAYS_SEARCH_USER_PATHS = NO;
				CLANG_ANALYZER_NONNULL = YES;
				CLANG_ANALYZER_NUMBER_OBJECT_CONVERSION = YES_AGGRESSIVE;
				CLANG_CXX_LANGUAGE_STANDARD = "gnu++14";
				CLANG_CXX_LIBRARY = "libc++";
				CLANG_ENABLE_MODULES = YES;
				CLANG_ENABLE_OBJC_ARC = YES;
				CLANG_ENABLE_OBJC_WEAK = YES;
				CLANG_WARN_BLOCK_CAPTURE_AUTORELEASING = YES;
				CLANG_WARN_BOOL_CONVERSION = YES;
				CLANG_WARN_COMMA = YES;
				CLANG_WARN_CONSTANT_CONVERSION = YES;
				CLANG_WARN_DEPRECATED_OBJC_IMPLEMENTATIONS = YES;
				CLANG_WARN_DIRECT_OBJC_ISA_USAGE = YES_ERROR;
				CLANG_WARN_DOCUMENTATION_COMMENTS = YES;
				CLANG_WARN_EMPTY_BODY = YES;
				CLANG_WARN_ENUM_CONVERSION = YES;
				CLANG_WARN_INFINITE_RECURSION = YES;
				CLANG_WARN_INT_CONVERSION = YES;
				CLANG_WARN_NON_LITERAL_NULL_CONVERSION = YES;
				CLANG_WARN_OBJC_IMPLICIT_RETAIN_SELF = YES;
				CLANG_WARN_OBJC_LITERAL_CONVERSION = YES;
				CLANG_WARN_OBJC_ROOT_CLASS = YES_ERROR;
				CLANG_WARN_RANGE_LOOP_ANALYSIS = YES;
				CLANG_WARN_STRICT_PROTOTYPES = YES;
				CLANG_WARN_SUSPICIOUS_MOVE = YES;
				CLANG_WARN_UNGUARDED_AVAILABILITY = YES_AGGRESSIVE;
				CLANG_WARN_UNREACHABLE_CODE = YES;
				CLANG_WARN__DUPLICATE_METHOD_MATCH = YES;
				COPY_PHASE_STRIP = NO;
				DEBUG_INFORMATION_FORMAT = dwarf;
				ENABLE_STRICT_OBJC_MSGSEND = YES;
				ENABLE_TESTABILITY = YES;
				GCC_C_LANGUAGE_STANDARD = gnu11;
				GCC_DYNAMIC_NO_PIC = NO;
				GCC_NO_COMMON_BLOCKS = YES;
				GCC_OPTIMIZATION_LEVEL = 0;
				GCC_PREPROCESSOR_DEFINITIONS = (
					"DEBUG=1",
					"$(inherited)",
				);
				GCC_WARN_64_TO_32_BIT_CONVERSION = YES;
				GCC_WARN_ABOUT_RETURN_TYPE = YES_ERROR;
				GCC_WARN_UNDECLARED_SELECTOR = YES;
				GCC_WARN_UNINITIALIZED_AUTOS = YES_AGGRESSIVE;
				GCC_WARN_UNUSED_FUNCTION = YES;
				GCC_WARN_UNUSED_VARIABLE = YES;
				IPHONEOS_DEPLOYMENT_TARGET = 13.1;
				MTL_ENABLE_DEBUG_INFO = INCLUDE_SOURCE;
				MTL_FAST_MATH = YES;
				ONLY_ACTIVE_ARCH = YES;
				SDKROOT = iphoneos;
				SWIFT_ACTIVE_COMPILATION_CONDITIONS = DEBUG;
				SWIFT_OPTIMIZATION_LEVEL = "-Onone";
			};
			name = Debug;
		};
		15BC4FF42397497500C0291F /* Release */ = {
			isa = XCBuildConfiguration;
			buildSettings = {
				ALWAYS_SEARCH_USER_PATHS = NO;
				CLANG_ANALYZER_NONNULL = YES;
				CLANG_ANALYZER_NUMBER_OBJECT_CONVERSION = YES_AGGRESSIVE;
				CLANG_CXX_LANGUAGE_STANDARD = "gnu++14";
				CLANG_CXX_LIBRARY = "libc++";
				CLANG_ENABLE_MODULES = YES;
				CLANG_ENABLE_OBJC_ARC = YES;
				CLANG_ENABLE_OBJC_WEAK = YES;
				CLANG_WARN_BLOCK_CAPTURE_AUTORELEASING = YES;
				CLANG_WARN_BOOL_CONVERSION = YES;
				CLANG_WARN_COMMA = YES;
				CLANG_WARN_CONSTANT_CONVERSION = YES;
				CLANG_WARN_DEPRECATED_OBJC_IMPLEMENTATIONS = YES;
				CLANG_WARN_DIRECT_OBJC_ISA_USAGE = YES_ERROR;
				CLANG_WARN_DOCUMENTATION_COMMENTS = YES;
				CLANG_WARN_EMPTY_BODY = YES;
				CLANG_WARN_ENUM_CONVERSION = YES;
				CLANG_WARN_INFINITE_RECURSION = YES;
				CLANG_WARN_INT_CONVERSION = YES;
				CLANG_WARN_NON_LITERAL_NULL_CONVERSION = YES;
				CLANG_WARN_OBJC_IMPLICIT_RETAIN_SELF = YES;
				CLANG_WARN_OBJC_LITERAL_CONVERSION = YES;
				CLANG_WARN_OBJC_ROOT_CLASS = YES_ERROR;
				CLANG_WARN_RANGE_LOOP_ANALYSIS = YES;
				CLANG_WARN_STRICT_PROTOTYPES = YES;
				CLANG_WARN_SUSPICIOUS_MOVE = YES;
				CLANG_WARN_UNGUARDED_AVAILABILITY = YES_AGGRESSIVE;
				CLANG_WARN_UNREACHABLE_CODE = YES;
				CLANG_WARN__DUPLICATE_METHOD_MATCH = YES;
				COPY_PHASE_STRIP = NO;
				DEBUG_INFORMATION_FORMAT = "dwarf-with-dsym";
				ENABLE_NS_ASSERTIONS = NO;
				ENABLE_STRICT_OBJC_MSGSEND = YES;
				GCC_C_LANGUAGE_STANDARD = gnu11;
				GCC_NO_COMMON_BLOCKS = YES;
				GCC_WARN_64_TO_32_BIT_CONVERSION = YES;
				GCC_WARN_ABOUT_RETURN_TYPE = YES_ERROR;
				GCC_WARN_UNDECLARED_SELECTOR = YES;
				GCC_WARN_UNINITIALIZED_AUTOS = YES_AGGRESSIVE;
				GCC_WARN_UNUSED_FUNCTION = YES;
				GCC_WARN_UNUSED_VARIABLE = YES;
				IPHONEOS_DEPLOYMENT_TARGET = 13.1;
				MTL_ENABLE_DEBUG_INFO = NO;
				MTL_FAST_MATH = YES;
				SDKROOT = iphoneos;
				SWIFT_COMPILATION_MODE = wholemodule;
				SWIFT_OPTIMIZATION_LEVEL = "-O";
				VALIDATE_PRODUCT = YES;
			};
			name = Release;
		};
		15BC4FF62397497500C0291F /* Debug */ = {
			isa = XCBuildConfiguration;
			buildSettings = {
				ASSETCATALOG_COMPILER_APPICON_NAME = AppIcon;
				CODE_SIGN_IDENTITY = "iPhone Developer";
				CODE_SIGN_STYLE = Automatic;
				DEVELOPMENT_TEAM = RDTR6557FX;
				FRAMEWORK_SEARCH_PATHS = (
					"$(inherited)",
					"$(PROJECT_DIR)/Carthage/Build/iOS",
				);
				INFOPLIST_FILE = iMovie/Info.plist;
				IPHONEOS_DEPLOYMENT_TARGET = 10.0;
				LD_RUNPATH_SEARCH_PATHS = (
					"$(inherited)",
					"@executable_path/Frameworks",
				);
				PRODUCT_BUNDLE_IDENTIFIER = com.brunolopes.iMovie;
				PRODUCT_NAME = "$(TARGET_NAME)";
				PROVISIONING_PROFILE_SPECIFIER = "";
				SWIFT_VERSION = 5.0;
				TARGETED_DEVICE_FAMILY = 1;
			};
			name = Debug;
		};
		15BC4FF72397497500C0291F /* Release */ = {
			isa = XCBuildConfiguration;
			buildSettings = {
				ASSETCATALOG_COMPILER_APPICON_NAME = AppIcon;
				CODE_SIGN_IDENTITY = "iPhone Developer";
				CODE_SIGN_STYLE = Automatic;
				DEVELOPMENT_TEAM = RDTR6557FX;
				FRAMEWORK_SEARCH_PATHS = (
					"$(inherited)",
					"$(PROJECT_DIR)/Carthage/Build/iOS",
				);
				INFOPLIST_FILE = iMovie/Info.plist;
				IPHONEOS_DEPLOYMENT_TARGET = 10.0;
				LD_RUNPATH_SEARCH_PATHS = (
					"$(inherited)",
					"@executable_path/Frameworks",
				);
				PRODUCT_BUNDLE_IDENTIFIER = com.brunolopes.iMovie;
				PRODUCT_NAME = "$(TARGET_NAME)";
				PROVISIONING_PROFILE_SPECIFIER = "";
				SWIFT_VERSION = 5.0;
				TARGETED_DEVICE_FAMILY = 1;
			};
			name = Release;
		};
		15BC4FF92397497500C0291F /* Debug */ = {
			isa = XCBuildConfiguration;
			buildSettings = {
				ALWAYS_EMBED_SWIFT_STANDARD_LIBRARIES = YES;
				BUNDLE_LOADER = "$(TEST_HOST)";
				CODE_SIGN_STYLE = Automatic;
				DEVELOPMENT_TEAM = RDTR6557FX;
				INFOPLIST_FILE = iMovieTests/Info.plist;
				IPHONEOS_DEPLOYMENT_TARGET = 12.4;
				LD_RUNPATH_SEARCH_PATHS = (
					"$(inherited)",
					"@executable_path/Frameworks",
					"@loader_path/Frameworks",
				);
				PRODUCT_BUNDLE_IDENTIFIER = com.brunolopes.iMovieTests;
				PRODUCT_NAME = "$(TARGET_NAME)";
				SWIFT_VERSION = 5.0;
				TARGETED_DEVICE_FAMILY = "1,2";
				TEST_HOST = "$(BUILT_PRODUCTS_DIR)/iMovie.app/iMovie";
			};
			name = Debug;
		};
		15BC4FFA2397497500C0291F /* Release */ = {
			isa = XCBuildConfiguration;
			buildSettings = {
				ALWAYS_EMBED_SWIFT_STANDARD_LIBRARIES = YES;
				BUNDLE_LOADER = "$(TEST_HOST)";
				CODE_SIGN_STYLE = Automatic;
				DEVELOPMENT_TEAM = RDTR6557FX;
				INFOPLIST_FILE = iMovieTests/Info.plist;
				IPHONEOS_DEPLOYMENT_TARGET = 12.4;
				LD_RUNPATH_SEARCH_PATHS = (
					"$(inherited)",
					"@executable_path/Frameworks",
					"@loader_path/Frameworks",
				);
				PRODUCT_BUNDLE_IDENTIFIER = com.brunolopes.iMovieTests;
				PRODUCT_NAME = "$(TARGET_NAME)";
				SWIFT_VERSION = 5.0;
				TARGETED_DEVICE_FAMILY = "1,2";
				TEST_HOST = "$(BUILT_PRODUCTS_DIR)/iMovie.app/iMovie";
			};
			name = Release;
		};
/* End XCBuildConfiguration section */

/* Begin XCConfigurationList section */
		15BC4FCE2397497400C0291F /* Build configuration list for PBXProject "iMovie" */ = {
			isa = XCConfigurationList;
			buildConfigurations = (
				15BC4FF32397497500C0291F /* Debug */,
				15BC4FF42397497500C0291F /* Release */,
			);
			defaultConfigurationIsVisible = 0;
			defaultConfigurationName = Release;
		};
		15BC4FF52397497500C0291F /* Build configuration list for PBXNativeTarget "iMovie" */ = {
			isa = XCConfigurationList;
			buildConfigurations = (
				15BC4FF62397497500C0291F /* Debug */,
				15BC4FF72397497500C0291F /* Release */,
			);
			defaultConfigurationIsVisible = 0;
			defaultConfigurationName = Release;
		};
		15BC4FF82397497500C0291F /* Build configuration list for PBXNativeTarget "iMovieTests" */ = {
			isa = XCConfigurationList;
			buildConfigurations = (
				15BC4FF92397497500C0291F /* Debug */,
				15BC4FFA2397497500C0291F /* Release */,
			);
			defaultConfigurationIsVisible = 0;
			defaultConfigurationName = Release;
		};
/* End XCConfigurationList section */

/* Begin XCVersionGroup section */
		15BC4FDF2397497400C0291F /* iMovie.xcdatamodeld */ = {
			isa = XCVersionGroup;
			children = (
				15BC4FE02397497400C0291F /* iMovie.xcdatamodel */,
			);
			currentVersion = 15BC4FE02397497400C0291F /* iMovie.xcdatamodel */;
			path = iMovie.xcdatamodeld;
			sourceTree = "<group>";
			versionGroupType = wrapper.xcdatamodel;
		};
/* End XCVersionGroup section */
	};
	rootObject = 15BC4FCB2397497400C0291F /* Project object */;
}
